
Microsoft Visual Studio Solution File, Format Version 12.00
# Visual Studio 15
VisualStudioVersion = 15.0.25807.0
MinimumVisualStudioVersion = 10.0.40219.1
Project("{FAE04EC0-301F-11D3-BF4B-00C04F79EFBC}") = "example-windows-app", "example-windows-xamarin-app\example-windows-app.csproj", "{4DF46E3A-9E50-4681-BB92-804354D80CAD}"
EndProject
Project("{FAE04EC0-301F-11D3-BF4B-00C04F79EFBC}") = "windows-central-client", "windows-central-client\windows-central-client.csproj", "{A31017FD-D0C5-4383-B7DE-4BE4FDC233E1}"
EndProject
Project("{FAE04EC0-301F-11D3-BF4B-00C04F79EFBC}") = "Microsoft.Toolkit.Uwp.UI.Controls", "uwp-toolkit\Microsoft.Toolkit.Uwp.UI.Controls\Microsoft.Toolkit.Uwp.UI.Controls.csproj", "{E9FAABFB-D726-42C1-83C1-CB46A29FEA81}"
EndProject
Project("{2150E333-8FDC-42A3-9474-1A3956D46DE8}") = "Windows UI", "Windows UI", "{DD0171C5-EDA8-4B23-8D3A-2A865B28D05A}"
EndProject
Project("{FAE04EC0-301F-11D3-BF4B-00C04F79EFBC}") = "Microsoft.Toolkit.Uwp.UI", "uwp-toolkit\Microsoft.Toolkit.Uwp.UI\Microsoft.Toolkit.Uwp.UI.csproj", "{3DD8AA7C-3569-4E51-992F-0C2257E8878E}"
EndProject
Project("{FAE04EC0-301F-11D3-BF4B-00C04F79EFBC}") = "Microsoft.Toolkit.Uwp.UI.Animations", "uwp-toolkit\Microsoft.Toolkit.Uwp.UI.Animations\Microsoft.Toolkit.Uwp.UI.Animations.csproj", "{B24A296C-B3EB-4E06-A64E-74AC2D1ACC91}"
EndProject
Project("{FAE04EC0-301F-11D3-BF4B-00C04F79EFBC}") = "Microsoft.Toolkit.Uwp", "uwp-toolkit\Microsoft.Toolkit.Uwp\Microsoft.Toolkit.Uwp.csproj", "{805F80DF-75C6-4C2F-8FD9-B47F6D0DF5A3}"
EndProject
Project("{FAE04EC0-301F-11D3-BF4B-00C04F79EFBC}") = "example-web-template", "example-web-template\example-web-template\example-web-template.csproj", "{B159244C-199D-49B4-93F8-FAC12DE5D52A}"
EndProject
Project("{2150E333-8FDC-42A3-9474-1A3956D46DE8}") = "Windows", "Windows", "{96D4E5CB-2F7A-4B03-B459-8B5FAEF4757E}"
EndProject
Project("{2150E333-8FDC-42A3-9474-1A3956D46DE8}") = "Cross Platform", "Cross Platform", "{900E3050-1D2B-4F23-9D65-AD6707ECA00C}"
EndProject
Project("{2150E333-8FDC-42A3-9474-1A3956D46DE8}") = "Xamarin", "Xamarin", "{280307A4-F558-4C5E-AFBE-F1D0CCDD8390}"
EndProject
Project("{FAE04EC0-301F-11D3-BF4B-00C04F79EFBC}") = "example-xamarin-ios-app", "example-xamarin-ios-app\example-xamarin-ios-app.csproj", "{D151C91E-5CA6-4567-B206-B000D07B3CEF}"
EndProject
Global
	GlobalSection(SolutionConfigurationPlatforms) = preSolution
		Ad-Hoc|Any CPU = Ad-Hoc|Any CPU
		Ad-Hoc|ARM = Ad-Hoc|ARM
		Ad-Hoc|iPhone = Ad-Hoc|iPhone
		Ad-Hoc|iPhoneSimulator = Ad-Hoc|iPhoneSimulator
		Ad-Hoc|x64 = Ad-Hoc|x64
		Ad-Hoc|x86 = Ad-Hoc|x86
		AppStore|Any CPU = AppStore|Any CPU
		AppStore|ARM = AppStore|ARM
		AppStore|iPhone = AppStore|iPhone
		AppStore|iPhoneSimulator = AppStore|iPhoneSimulator
		AppStore|x64 = AppStore|x64
		AppStore|x86 = AppStore|x86
		Debug (Anniversary Update)|Any CPU = Debug (Anniversary Update)|Any CPU
		Debug (Anniversary Update)|ARM = Debug (Anniversary Update)|ARM
		Debug (Anniversary Update)|iPhone = Debug (Anniversary Update)|iPhone
		Debug (Anniversary Update)|iPhoneSimulator = Debug (Anniversary Update)|iPhoneSimulator
		Debug (Anniversary Update)|x64 = Debug (Anniversary Update)|x64
		Debug (Anniversary Update)|x86 = Debug (Anniversary Update)|x86
		Debug (Version 1511)|Any CPU = Debug (Version 1511)|Any CPU
		Debug (Version 1511)|ARM = Debug (Version 1511)|ARM
		Debug (Version 1511)|iPhone = Debug (Version 1511)|iPhone
		Debug (Version 1511)|iPhoneSimulator = Debug (Version 1511)|iPhoneSimulator
		Debug (Version 1511)|x64 = Debug (Version 1511)|x64
		Debug (Version 1511)|x86 = Debug (Version 1511)|x86
		Debug|Any CPU = Debug|Any CPU
		Debug|ARM = Debug|ARM
		Debug|iPhone = Debug|iPhone
		Debug|iPhoneSimulator = Debug|iPhoneSimulator
		Debug|x64 = Debug|x64
		Debug|x86 = Debug|x86
		Release (Anniversary Update)|Any CPU = Release (Anniversary Update)|Any CPU
		Release (Anniversary Update)|ARM = Release (Anniversary Update)|ARM
		Release (Anniversary Update)|iPhone = Release (Anniversary Update)|iPhone
		Release (Anniversary Update)|iPhoneSimulator = Release (Anniversary Update)|iPhoneSimulator
		Release (Anniversary Update)|x64 = Release (Anniversary Update)|x64
		Release (Anniversary Update)|x86 = Release (Anniversary Update)|x86
		Release (Version 1511)|Any CPU = Release (Version 1511)|Any CPU
		Release (Version 1511)|ARM = Release (Version 1511)|ARM
		Release (Version 1511)|iPhone = Release (Version 1511)|iPhone
		Release (Version 1511)|iPhoneSimulator = Release (Version 1511)|iPhoneSimulator
		Release (Version 1511)|x64 = Release (Version 1511)|x64
		Release (Version 1511)|x86 = Release (Version 1511)|x86
		Release|Any CPU = Release|Any CPU
		Release|ARM = Release|ARM
		Release|iPhone = Release|iPhone
		Release|iPhoneSimulator = Release|iPhoneSimulator
		Release|x64 = Release|x64
		Release|x86 = Release|x86
	EndGlobalSection
	GlobalSection(ProjectConfigurationPlatforms) = postSolution
		{4DF46E3A-9E50-4681-BB92-804354D80CAD}.Ad-Hoc|Any CPU.ActiveCfg = Release|x86
		{4DF46E3A-9E50-4681-BB92-804354D80CAD}.Ad-Hoc|Any CPU.Build.0 = Release|x86
		{4DF46E3A-9E50-4681-BB92-804354D80CAD}.Ad-Hoc|Any CPU.Deploy.0 = Release|x86
		{4DF46E3A-9E50-4681-BB92-804354D80CAD}.Ad-Hoc|ARM.ActiveCfg = Release|ARM
		{4DF46E3A-9E50-4681-BB92-804354D80CAD}.Ad-Hoc|ARM.Build.0 = Release|ARM
		{4DF46E3A-9E50-4681-BB92-804354D80CAD}.Ad-Hoc|ARM.Deploy.0 = Release|ARM
		{4DF46E3A-9E50-4681-BB92-804354D80CAD}.Ad-Hoc|iPhone.ActiveCfg = Release|x86
		{4DF46E3A-9E50-4681-BB92-804354D80CAD}.Ad-Hoc|iPhone.Build.0 = Release|x86
		{4DF46E3A-9E50-4681-BB92-804354D80CAD}.Ad-Hoc|iPhone.Deploy.0 = Release|x86
		{4DF46E3A-9E50-4681-BB92-804354D80CAD}.Ad-Hoc|iPhoneSimulator.ActiveCfg = Release|x86
		{4DF46E3A-9E50-4681-BB92-804354D80CAD}.Ad-Hoc|iPhoneSimulator.Build.0 = Release|x86
		{4DF46E3A-9E50-4681-BB92-804354D80CAD}.Ad-Hoc|iPhoneSimulator.Deploy.0 = Release|x86
		{4DF46E3A-9E50-4681-BB92-804354D80CAD}.Ad-Hoc|x64.ActiveCfg = Debug|x64
		{4DF46E3A-9E50-4681-BB92-804354D80CAD}.Ad-Hoc|x64.Build.0 = Debug|x64
		{4DF46E3A-9E50-4681-BB92-804354D80CAD}.Ad-Hoc|x64.Deploy.0 = Debug|x64
		{4DF46E3A-9E50-4681-BB92-804354D80CAD}.Ad-Hoc|x86.ActiveCfg = Release|x86
		{4DF46E3A-9E50-4681-BB92-804354D80CAD}.Ad-Hoc|x86.Build.0 = Release|x86
		{4DF46E3A-9E50-4681-BB92-804354D80CAD}.Ad-Hoc|x86.Deploy.0 = Release|x86
		{4DF46E3A-9E50-4681-BB92-804354D80CAD}.AppStore|Any CPU.ActiveCfg = Release|x86
		{4DF46E3A-9E50-4681-BB92-804354D80CAD}.AppStore|Any CPU.Build.0 = Release|x86
		{4DF46E3A-9E50-4681-BB92-804354D80CAD}.AppStore|Any CPU.Deploy.0 = Release|x86
		{4DF46E3A-9E50-4681-BB92-804354D80CAD}.AppStore|ARM.ActiveCfg = Release|ARM
		{4DF46E3A-9E50-4681-BB92-804354D80CAD}.AppStore|ARM.Build.0 = Release|ARM
		{4DF46E3A-9E50-4681-BB92-804354D80CAD}.AppStore|ARM.Deploy.0 = Release|ARM
		{4DF46E3A-9E50-4681-BB92-804354D80CAD}.AppStore|iPhone.ActiveCfg = Release|x86
		{4DF46E3A-9E50-4681-BB92-804354D80CAD}.AppStore|iPhone.Build.0 = Release|x86
		{4DF46E3A-9E50-4681-BB92-804354D80CAD}.AppStore|iPhone.Deploy.0 = Release|x86
		{4DF46E3A-9E50-4681-BB92-804354D80CAD}.AppStore|iPhoneSimulator.ActiveCfg = Release|x86
		{4DF46E3A-9E50-4681-BB92-804354D80CAD}.AppStore|iPhoneSimulator.Build.0 = Release|x86
		{4DF46E3A-9E50-4681-BB92-804354D80CAD}.AppStore|iPhoneSimulator.Deploy.0 = Release|x86
		{4DF46E3A-9E50-4681-BB92-804354D80CAD}.AppStore|x64.ActiveCfg = Debug|x64
		{4DF46E3A-9E50-4681-BB92-804354D80CAD}.AppStore|x64.Build.0 = Debug|x64
		{4DF46E3A-9E50-4681-BB92-804354D80CAD}.AppStore|x64.Deploy.0 = Debug|x64
		{4DF46E3A-9E50-4681-BB92-804354D80CAD}.AppStore|x86.ActiveCfg = Release|x86
		{4DF46E3A-9E50-4681-BB92-804354D80CAD}.AppStore|x86.Build.0 = Release|x86
		{4DF46E3A-9E50-4681-BB92-804354D80CAD}.AppStore|x86.Deploy.0 = Release|x86
		{4DF46E3A-9E50-4681-BB92-804354D80CAD}.Debug (Anniversary Update)|Any CPU.ActiveCfg = Release|x64
		{4DF46E3A-9E50-4681-BB92-804354D80CAD}.Debug (Anniversary Update)|Any CPU.Build.0 = Release|x64
		{4DF46E3A-9E50-4681-BB92-804354D80CAD}.Debug (Anniversary Update)|Any CPU.Deploy.0 = Release|x64
		{4DF46E3A-9E50-4681-BB92-804354D80CAD}.Debug (Anniversary Update)|ARM.ActiveCfg = Debug|ARM
		{4DF46E3A-9E50-4681-BB92-804354D80CAD}.Debug (Anniversary Update)|ARM.Build.0 = Debug|ARM
		{4DF46E3A-9E50-4681-BB92-804354D80CAD}.Debug (Anniversary Update)|ARM.Deploy.0 = Debug|ARM
		{4DF46E3A-9E50-4681-BB92-804354D80CAD}.Debug (Anniversary Update)|iPhone.ActiveCfg = Release|x86
		{4DF46E3A-9E50-4681-BB92-804354D80CAD}.Debug (Anniversary Update)|iPhone.Build.0 = Release|x86
		{4DF46E3A-9E50-4681-BB92-804354D80CAD}.Debug (Anniversary Update)|iPhone.Deploy.0 = Release|x86
		{4DF46E3A-9E50-4681-BB92-804354D80CAD}.Debug (Anniversary Update)|iPhoneSimulator.ActiveCfg = Release|x86
		{4DF46E3A-9E50-4681-BB92-804354D80CAD}.Debug (Anniversary Update)|iPhoneSimulator.Build.0 = Release|x86
		{4DF46E3A-9E50-4681-BB92-804354D80CAD}.Debug (Anniversary Update)|iPhoneSimulator.Deploy.0 = Release|x86
		{4DF46E3A-9E50-4681-BB92-804354D80CAD}.Debug (Anniversary Update)|x64.ActiveCfg = Debug|x64
		{4DF46E3A-9E50-4681-BB92-804354D80CAD}.Debug (Anniversary Update)|x64.Build.0 = Debug|x64
		{4DF46E3A-9E50-4681-BB92-804354D80CAD}.Debug (Anniversary Update)|x64.Deploy.0 = Debug|x64
		{4DF46E3A-9E50-4681-BB92-804354D80CAD}.Debug (Anniversary Update)|x86.ActiveCfg = Debug|x86
		{4DF46E3A-9E50-4681-BB92-804354D80CAD}.Debug (Anniversary Update)|x86.Build.0 = Debug|x86
		{4DF46E3A-9E50-4681-BB92-804354D80CAD}.Debug (Anniversary Update)|x86.Deploy.0 = Debug|x86
		{4DF46E3A-9E50-4681-BB92-804354D80CAD}.Debug (Version 1511)|Any CPU.ActiveCfg = Release|x64
		{4DF46E3A-9E50-4681-BB92-804354D80CAD}.Debug (Version 1511)|Any CPU.Build.0 = Release|x64
		{4DF46E3A-9E50-4681-BB92-804354D80CAD}.Debug (Version 1511)|Any CPU.Deploy.0 = Release|x64
		{4DF46E3A-9E50-4681-BB92-804354D80CAD}.Debug (Version 1511)|ARM.ActiveCfg = Debug|ARM
		{4DF46E3A-9E50-4681-BB92-804354D80CAD}.Debug (Version 1511)|ARM.Build.0 = Debug|ARM
		{4DF46E3A-9E50-4681-BB92-804354D80CAD}.Debug (Version 1511)|ARM.Deploy.0 = Debug|ARM
		{4DF46E3A-9E50-4681-BB92-804354D80CAD}.Debug (Version 1511)|iPhone.ActiveCfg = Release|x86
		{4DF46E3A-9E50-4681-BB92-804354D80CAD}.Debug (Version 1511)|iPhone.Build.0 = Release|x86
		{4DF46E3A-9E50-4681-BB92-804354D80CAD}.Debug (Version 1511)|iPhone.Deploy.0 = Release|x86
		{4DF46E3A-9E50-4681-BB92-804354D80CAD}.Debug (Version 1511)|iPhoneSimulator.ActiveCfg = Release|x86
		{4DF46E3A-9E50-4681-BB92-804354D80CAD}.Debug (Version 1511)|iPhoneSimulator.Build.0 = Release|x86
		{4DF46E3A-9E50-4681-BB92-804354D80CAD}.Debug (Version 1511)|iPhoneSimulator.Deploy.0 = Release|x86
		{4DF46E3A-9E50-4681-BB92-804354D80CAD}.Debug (Version 1511)|x64.ActiveCfg = Debug|x64
		{4DF46E3A-9E50-4681-BB92-804354D80CAD}.Debug (Version 1511)|x64.Build.0 = Debug|x64
		{4DF46E3A-9E50-4681-BB92-804354D80CAD}.Debug (Version 1511)|x64.Deploy.0 = Debug|x64
		{4DF46E3A-9E50-4681-BB92-804354D80CAD}.Debug (Version 1511)|x86.ActiveCfg = Debug|x86
		{4DF46E3A-9E50-4681-BB92-804354D80CAD}.Debug (Version 1511)|x86.Build.0 = Debug|x86
		{4DF46E3A-9E50-4681-BB92-804354D80CAD}.Debug (Version 1511)|x86.Deploy.0 = Debug|x86
		{4DF46E3A-9E50-4681-BB92-804354D80CAD}.Debug|Any CPU.ActiveCfg = Debug|x86
		{4DF46E3A-9E50-4681-BB92-804354D80CAD}.Debug|ARM.ActiveCfg = Debug|ARM
		{4DF46E3A-9E50-4681-BB92-804354D80CAD}.Debug|ARM.Build.0 = Debug|ARM
		{4DF46E3A-9E50-4681-BB92-804354D80CAD}.Debug|ARM.Deploy.0 = Debug|ARM
		{4DF46E3A-9E50-4681-BB92-804354D80CAD}.Debug|iPhone.ActiveCfg = Debug|x86
		{4DF46E3A-9E50-4681-BB92-804354D80CAD}.Debug|iPhoneSimulator.ActiveCfg = Debug|x86
		{4DF46E3A-9E50-4681-BB92-804354D80CAD}.Debug|x64.ActiveCfg = Debug|x64
		{4DF46E3A-9E50-4681-BB92-804354D80CAD}.Debug|x64.Build.0 = Debug|x64
		{4DF46E3A-9E50-4681-BB92-804354D80CAD}.Debug|x64.Deploy.0 = Debug|x64
		{4DF46E3A-9E50-4681-BB92-804354D80CAD}.Debug|x86.ActiveCfg = Debug|x86
		{4DF46E3A-9E50-4681-BB92-804354D80CAD}.Debug|x86.Build.0 = Debug|x86
		{4DF46E3A-9E50-4681-BB92-804354D80CAD}.Debug|x86.Deploy.0 = Debug|x86
		{4DF46E3A-9E50-4681-BB92-804354D80CAD}.Release (Anniversary Update)|Any CPU.ActiveCfg = Release|x64
		{4DF46E3A-9E50-4681-BB92-804354D80CAD}.Release (Anniversary Update)|Any CPU.Build.0 = Release|x64
		{4DF46E3A-9E50-4681-BB92-804354D80CAD}.Release (Anniversary Update)|Any CPU.Deploy.0 = Release|x64
		{4DF46E3A-9E50-4681-BB92-804354D80CAD}.Release (Anniversary Update)|ARM.ActiveCfg = Release|ARM
		{4DF46E3A-9E50-4681-BB92-804354D80CAD}.Release (Anniversary Update)|ARM.Build.0 = Release|ARM
		{4DF46E3A-9E50-4681-BB92-804354D80CAD}.Release (Anniversary Update)|ARM.Deploy.0 = Release|ARM
		{4DF46E3A-9E50-4681-BB92-804354D80CAD}.Release (Anniversary Update)|iPhone.ActiveCfg = Release|x86
		{4DF46E3A-9E50-4681-BB92-804354D80CAD}.Release (Anniversary Update)|iPhone.Build.0 = Release|x86
		{4DF46E3A-9E50-4681-BB92-804354D80CAD}.Release (Anniversary Update)|iPhone.Deploy.0 = Release|x86
		{4DF46E3A-9E50-4681-BB92-804354D80CAD}.Release (Anniversary Update)|iPhoneSimulator.ActiveCfg = Release|x86
		{4DF46E3A-9E50-4681-BB92-804354D80CAD}.Release (Anniversary Update)|iPhoneSimulator.Build.0 = Release|x86
		{4DF46E3A-9E50-4681-BB92-804354D80CAD}.Release (Anniversary Update)|iPhoneSimulator.Deploy.0 = Release|x86
		{4DF46E3A-9E50-4681-BB92-804354D80CAD}.Release (Anniversary Update)|x64.ActiveCfg = Release|x64
		{4DF46E3A-9E50-4681-BB92-804354D80CAD}.Release (Anniversary Update)|x64.Build.0 = Release|x64
		{4DF46E3A-9E50-4681-BB92-804354D80CAD}.Release (Anniversary Update)|x64.Deploy.0 = Release|x64
		{4DF46E3A-9E50-4681-BB92-804354D80CAD}.Release (Anniversary Update)|x86.ActiveCfg = Release|x86
		{4DF46E3A-9E50-4681-BB92-804354D80CAD}.Release (Anniversary Update)|x86.Build.0 = Release|x86
		{4DF46E3A-9E50-4681-BB92-804354D80CAD}.Release (Anniversary Update)|x86.Deploy.0 = Release|x86
		{4DF46E3A-9E50-4681-BB92-804354D80CAD}.Release (Version 1511)|Any CPU.ActiveCfg = Release|x64
		{4DF46E3A-9E50-4681-BB92-804354D80CAD}.Release (Version 1511)|Any CPU.Build.0 = Release|x64
		{4DF46E3A-9E50-4681-BB92-804354D80CAD}.Release (Version 1511)|Any CPU.Deploy.0 = Release|x64
		{4DF46E3A-9E50-4681-BB92-804354D80CAD}.Release (Version 1511)|ARM.ActiveCfg = Release|ARM
		{4DF46E3A-9E50-4681-BB92-804354D80CAD}.Release (Version 1511)|ARM.Build.0 = Release|ARM
		{4DF46E3A-9E50-4681-BB92-804354D80CAD}.Release (Version 1511)|ARM.Deploy.0 = Release|ARM
		{4DF46E3A-9E50-4681-BB92-804354D80CAD}.Release (Version 1511)|iPhone.ActiveCfg = Release|x86
		{4DF46E3A-9E50-4681-BB92-804354D80CAD}.Release (Version 1511)|iPhone.Build.0 = Release|x86
		{4DF46E3A-9E50-4681-BB92-804354D80CAD}.Release (Version 1511)|iPhone.Deploy.0 = Release|x86
		{4DF46E3A-9E50-4681-BB92-804354D80CAD}.Release (Version 1511)|iPhoneSimulator.ActiveCfg = Release|x86
		{4DF46E3A-9E50-4681-BB92-804354D80CAD}.Release (Version 1511)|iPhoneSimulator.Build.0 = Release|x86
		{4DF46E3A-9E50-4681-BB92-804354D80CAD}.Release (Version 1511)|iPhoneSimulator.Deploy.0 = Release|x86
		{4DF46E3A-9E50-4681-BB92-804354D80CAD}.Release (Version 1511)|x64.ActiveCfg = Release|x64
		{4DF46E3A-9E50-4681-BB92-804354D80CAD}.Release (Version 1511)|x64.Build.0 = Release|x64
		{4DF46E3A-9E50-4681-BB92-804354D80CAD}.Release (Version 1511)|x64.Deploy.0 = Release|x64
		{4DF46E3A-9E50-4681-BB92-804354D80CAD}.Release (Version 1511)|x86.ActiveCfg = Release|x86
		{4DF46E3A-9E50-4681-BB92-804354D80CAD}.Release (Version 1511)|x86.Build.0 = Release|x86
		{4DF46E3A-9E50-4681-BB92-804354D80CAD}.Release (Version 1511)|x86.Deploy.0 = Release|x86
		{4DF46E3A-9E50-4681-BB92-804354D80CAD}.Release|Any CPU.ActiveCfg = Release|x86
		{4DF46E3A-9E50-4681-BB92-804354D80CAD}.Release|ARM.ActiveCfg = Release|ARM
		{4DF46E3A-9E50-4681-BB92-804354D80CAD}.Release|ARM.Build.0 = Release|ARM
		{4DF46E3A-9E50-4681-BB92-804354D80CAD}.Release|ARM.Deploy.0 = Release|ARM
		{4DF46E3A-9E50-4681-BB92-804354D80CAD}.Release|iPhone.ActiveCfg = Release|x86
		{4DF46E3A-9E50-4681-BB92-804354D80CAD}.Release|iPhoneSimulator.ActiveCfg = Release|x86
		{4DF46E3A-9E50-4681-BB92-804354D80CAD}.Release|x64.ActiveCfg = Release|x64
		{4DF46E3A-9E50-4681-BB92-804354D80CAD}.Release|x64.Build.0 = Release|x64
		{4DF46E3A-9E50-4681-BB92-804354D80CAD}.Release|x64.Deploy.0 = Release|x64
		{4DF46E3A-9E50-4681-BB92-804354D80CAD}.Release|x86.ActiveCfg = Release|x86
		{4DF46E3A-9E50-4681-BB92-804354D80CAD}.Release|x86.Build.0 = Release|x86
		{4DF46E3A-9E50-4681-BB92-804354D80CAD}.Release|x86.Deploy.0 = Release|x86
		{A31017FD-D0C5-4383-B7DE-4BE4FDC233E1}.Ad-Hoc|Any CPU.ActiveCfg = Release|Any CPU
		{A31017FD-D0C5-4383-B7DE-4BE4FDC233E1}.Ad-Hoc|Any CPU.Build.0 = Release|Any CPU
		{A31017FD-D0C5-4383-B7DE-4BE4FDC233E1}.Ad-Hoc|ARM.ActiveCfg = Release|Any CPU
		{A31017FD-D0C5-4383-B7DE-4BE4FDC233E1}.Ad-Hoc|ARM.Build.0 = Release|Any CPU
		{A31017FD-D0C5-4383-B7DE-4BE4FDC233E1}.Ad-Hoc|iPhone.ActiveCfg = Release|Any CPU
		{A31017FD-D0C5-4383-B7DE-4BE4FDC233E1}.Ad-Hoc|iPhone.Build.0 = Release|Any CPU
		{A31017FD-D0C5-4383-B7DE-4BE4FDC233E1}.Ad-Hoc|iPhoneSimulator.ActiveCfg = Release|Any CPU
		{A31017FD-D0C5-4383-B7DE-4BE4FDC233E1}.Ad-Hoc|iPhoneSimulator.Build.0 = Release|Any CPU
		{A31017FD-D0C5-4383-B7DE-4BE4FDC233E1}.Ad-Hoc|x64.ActiveCfg = Release|Any CPU
		{A31017FD-D0C5-4383-B7DE-4BE4FDC233E1}.Ad-Hoc|x64.Build.0 = Release|Any CPU
		{A31017FD-D0C5-4383-B7DE-4BE4FDC233E1}.Ad-Hoc|x86.ActiveCfg = Release|Any CPU
		{A31017FD-D0C5-4383-B7DE-4BE4FDC233E1}.Ad-Hoc|x86.Build.0 = Release|Any CPU
		{A31017FD-D0C5-4383-B7DE-4BE4FDC233E1}.AppStore|Any CPU.ActiveCfg = Release|Any CPU
		{A31017FD-D0C5-4383-B7DE-4BE4FDC233E1}.AppStore|Any CPU.Build.0 = Release|Any CPU
		{A31017FD-D0C5-4383-B7DE-4BE4FDC233E1}.AppStore|ARM.ActiveCfg = Release|Any CPU
		{A31017FD-D0C5-4383-B7DE-4BE4FDC233E1}.AppStore|ARM.Build.0 = Release|Any CPU
		{A31017FD-D0C5-4383-B7DE-4BE4FDC233E1}.AppStore|iPhone.ActiveCfg = Release|Any CPU
		{A31017FD-D0C5-4383-B7DE-4BE4FDC233E1}.AppStore|iPhone.Build.0 = Release|Any CPU
		{A31017FD-D0C5-4383-B7DE-4BE4FDC233E1}.AppStore|iPhoneSimulator.ActiveCfg = Release|Any CPU
		{A31017FD-D0C5-4383-B7DE-4BE4FDC233E1}.AppStore|iPhoneSimulator.Build.0 = Release|Any CPU
		{A31017FD-D0C5-4383-B7DE-4BE4FDC233E1}.AppStore|x64.ActiveCfg = Release|Any CPU
		{A31017FD-D0C5-4383-B7DE-4BE4FDC233E1}.AppStore|x64.Build.0 = Release|Any CPU
		{A31017FD-D0C5-4383-B7DE-4BE4FDC233E1}.AppStore|x86.ActiveCfg = Release|Any CPU
		{A31017FD-D0C5-4383-B7DE-4BE4FDC233E1}.AppStore|x86.Build.0 = Release|Any CPU
		{A31017FD-D0C5-4383-B7DE-4BE4FDC233E1}.Debug (Anniversary Update)|Any CPU.ActiveCfg = Debug|Any CPU
		{A31017FD-D0C5-4383-B7DE-4BE4FDC233E1}.Debug (Anniversary Update)|Any CPU.Build.0 = Debug|Any CPU
		{A31017FD-D0C5-4383-B7DE-4BE4FDC233E1}.Debug (Anniversary Update)|ARM.ActiveCfg = Debug|Any CPU
		{A31017FD-D0C5-4383-B7DE-4BE4FDC233E1}.Debug (Anniversary Update)|ARM.Build.0 = Debug|Any CPU
		{A31017FD-D0C5-4383-B7DE-4BE4FDC233E1}.Debug (Anniversary Update)|iPhone.ActiveCfg = Debug|Any CPU
		{A31017FD-D0C5-4383-B7DE-4BE4FDC233E1}.Debug (Anniversary Update)|iPhone.Build.0 = Debug|Any CPU
		{A31017FD-D0C5-4383-B7DE-4BE4FDC233E1}.Debug (Anniversary Update)|iPhoneSimulator.ActiveCfg = Debug|Any CPU
		{A31017FD-D0C5-4383-B7DE-4BE4FDC233E1}.Debug (Anniversary Update)|iPhoneSimulator.Build.0 = Debug|Any CPU
		{A31017FD-D0C5-4383-B7DE-4BE4FDC233E1}.Debug (Anniversary Update)|x64.ActiveCfg = Debug|Any CPU
		{A31017FD-D0C5-4383-B7DE-4BE4FDC233E1}.Debug (Anniversary Update)|x64.Build.0 = Debug|Any CPU
		{A31017FD-D0C5-4383-B7DE-4BE4FDC233E1}.Debug (Anniversary Update)|x86.ActiveCfg = Debug|Any CPU
		{A31017FD-D0C5-4383-B7DE-4BE4FDC233E1}.Debug (Anniversary Update)|x86.Build.0 = Debug|Any CPU
		{A31017FD-D0C5-4383-B7DE-4BE4FDC233E1}.Debug (Version 1511)|Any CPU.ActiveCfg = Debug|Any CPU
		{A31017FD-D0C5-4383-B7DE-4BE4FDC233E1}.Debug (Version 1511)|Any CPU.Build.0 = Debug|Any CPU
		{A31017FD-D0C5-4383-B7DE-4BE4FDC233E1}.Debug (Version 1511)|ARM.ActiveCfg = Debug|Any CPU
		{A31017FD-D0C5-4383-B7DE-4BE4FDC233E1}.Debug (Version 1511)|ARM.Build.0 = Debug|Any CPU
		{A31017FD-D0C5-4383-B7DE-4BE4FDC233E1}.Debug (Version 1511)|iPhone.ActiveCfg = Debug|Any CPU
		{A31017FD-D0C5-4383-B7DE-4BE4FDC233E1}.Debug (Version 1511)|iPhone.Build.0 = Debug|Any CPU
		{A31017FD-D0C5-4383-B7DE-4BE4FDC233E1}.Debug (Version 1511)|iPhoneSimulator.ActiveCfg = Debug|Any CPU
		{A31017FD-D0C5-4383-B7DE-4BE4FDC233E1}.Debug (Version 1511)|iPhoneSimulator.Build.0 = Debug|Any CPU
		{A31017FD-D0C5-4383-B7DE-4BE4FDC233E1}.Debug (Version 1511)|x64.ActiveCfg = Debug|Any CPU
		{A31017FD-D0C5-4383-B7DE-4BE4FDC233E1}.Debug (Version 1511)|x64.Build.0 = Debug|Any CPU
		{A31017FD-D0C5-4383-B7DE-4BE4FDC233E1}.Debug (Version 1511)|x86.ActiveCfg = Debug|Any CPU
		{A31017FD-D0C5-4383-B7DE-4BE4FDC233E1}.Debug (Version 1511)|x86.Build.0 = Debug|Any CPU
		{A31017FD-D0C5-4383-B7DE-4BE4FDC233E1}.Debug|Any CPU.ActiveCfg = Debug|Any CPU
		{A31017FD-D0C5-4383-B7DE-4BE4FDC233E1}.Debug|Any CPU.Build.0 = Debug|Any CPU
		{A31017FD-D0C5-4383-B7DE-4BE4FDC233E1}.Debug|ARM.ActiveCfg = Debug|Any CPU
		{A31017FD-D0C5-4383-B7DE-4BE4FDC233E1}.Debug|ARM.Build.0 = Debug|Any CPU
		{A31017FD-D0C5-4383-B7DE-4BE4FDC233E1}.Debug|iPhone.ActiveCfg = Debug|Any CPU
		{A31017FD-D0C5-4383-B7DE-4BE4FDC233E1}.Debug|iPhone.Build.0 = Debug|Any CPU
		{A31017FD-D0C5-4383-B7DE-4BE4FDC233E1}.Debug|iPhoneSimulator.ActiveCfg = Debug|Any CPU
		{A31017FD-D0C5-4383-B7DE-4BE4FDC233E1}.Debug|iPhoneSimulator.Build.0 = Debug|Any CPU
		{A31017FD-D0C5-4383-B7DE-4BE4FDC233E1}.Debug|x64.ActiveCfg = Debug|Any CPU
		{A31017FD-D0C5-4383-B7DE-4BE4FDC233E1}.Debug|x64.Build.0 = Debug|Any CPU
		{A31017FD-D0C5-4383-B7DE-4BE4FDC233E1}.Debug|x86.ActiveCfg = Debug|Any CPU
		{A31017FD-D0C5-4383-B7DE-4BE4FDC233E1}.Debug|x86.Build.0 = Debug|Any CPU
		{A31017FD-D0C5-4383-B7DE-4BE4FDC233E1}.Release (Anniversary Update)|Any CPU.ActiveCfg = Release|Any CPU
		{A31017FD-D0C5-4383-B7DE-4BE4FDC233E1}.Release (Anniversary Update)|Any CPU.Build.0 = Release|Any CPU
		{A31017FD-D0C5-4383-B7DE-4BE4FDC233E1}.Release (Anniversary Update)|ARM.ActiveCfg = Release|Any CPU
		{A31017FD-D0C5-4383-B7DE-4BE4FDC233E1}.Release (Anniversary Update)|ARM.Build.0 = Release|Any CPU
		{A31017FD-D0C5-4383-B7DE-4BE4FDC233E1}.Release (Anniversary Update)|iPhone.ActiveCfg = Release|Any CPU
		{A31017FD-D0C5-4383-B7DE-4BE4FDC233E1}.Release (Anniversary Update)|iPhone.Build.0 = Release|Any CPU
		{A31017FD-D0C5-4383-B7DE-4BE4FDC233E1}.Release (Anniversary Update)|iPhoneSimulator.ActiveCfg = Release|Any CPU
		{A31017FD-D0C5-4383-B7DE-4BE4FDC233E1}.Release (Anniversary Update)|iPhoneSimulator.Build.0 = Release|Any CPU
		{A31017FD-D0C5-4383-B7DE-4BE4FDC233E1}.Release (Anniversary Update)|x64.ActiveCfg = Release|Any CPU
		{A31017FD-D0C5-4383-B7DE-4BE4FDC233E1}.Release (Anniversary Update)|x64.Build.0 = Release|Any CPU
		{A31017FD-D0C5-4383-B7DE-4BE4FDC233E1}.Release (Anniversary Update)|x86.ActiveCfg = Release|Any CPU
		{A31017FD-D0C5-4383-B7DE-4BE4FDC233E1}.Release (Anniversary Update)|x86.Build.0 = Release|Any CPU
		{A31017FD-D0C5-4383-B7DE-4BE4FDC233E1}.Release (Version 1511)|Any CPU.ActiveCfg = Release|Any CPU
		{A31017FD-D0C5-4383-B7DE-4BE4FDC233E1}.Release (Version 1511)|Any CPU.Build.0 = Release|Any CPU
		{A31017FD-D0C5-4383-B7DE-4BE4FDC233E1}.Release (Version 1511)|ARM.ActiveCfg = Release|Any CPU
		{A31017FD-D0C5-4383-B7DE-4BE4FDC233E1}.Release (Version 1511)|ARM.Build.0 = Release|Any CPU
		{A31017FD-D0C5-4383-B7DE-4BE4FDC233E1}.Release (Version 1511)|iPhone.ActiveCfg = Release|Any CPU
		{A31017FD-D0C5-4383-B7DE-4BE4FDC233E1}.Release (Version 1511)|iPhone.Build.0 = Release|Any CPU
		{A31017FD-D0C5-4383-B7DE-4BE4FDC233E1}.Release (Version 1511)|iPhoneSimulator.ActiveCfg = Release|Any CPU
		{A31017FD-D0C5-4383-B7DE-4BE4FDC233E1}.Release (Version 1511)|iPhoneSimulator.Build.0 = Release|Any CPU
		{A31017FD-D0C5-4383-B7DE-4BE4FDC233E1}.Release (Version 1511)|x64.ActiveCfg = Release|Any CPU
		{A31017FD-D0C5-4383-B7DE-4BE4FDC233E1}.Release (Version 1511)|x64.Build.0 = Release|Any CPU
		{A31017FD-D0C5-4383-B7DE-4BE4FDC233E1}.Release (Version 1511)|x86.ActiveCfg = Release|Any CPU
		{A31017FD-D0C5-4383-B7DE-4BE4FDC233E1}.Release (Version 1511)|x86.Build.0 = Release|Any CPU
		{A31017FD-D0C5-4383-B7DE-4BE4FDC233E1}.Release|Any CPU.ActiveCfg = Release|Any CPU
		{A31017FD-D0C5-4383-B7DE-4BE4FDC233E1}.Release|Any CPU.Build.0 = Release|Any CPU
		{A31017FD-D0C5-4383-B7DE-4BE4FDC233E1}.Release|ARM.ActiveCfg = Release|Any CPU
		{A31017FD-D0C5-4383-B7DE-4BE4FDC233E1}.Release|ARM.Build.0 = Release|Any CPU
		{A31017FD-D0C5-4383-B7DE-4BE4FDC233E1}.Release|iPhone.ActiveCfg = Release|Any CPU
		{A31017FD-D0C5-4383-B7DE-4BE4FDC233E1}.Release|iPhone.Build.0 = Release|Any CPU
		{A31017FD-D0C5-4383-B7DE-4BE4FDC233E1}.Release|iPhoneSimulator.ActiveCfg = Release|Any CPU
		{A31017FD-D0C5-4383-B7DE-4BE4FDC233E1}.Release|iPhoneSimulator.Build.0 = Release|Any CPU
		{A31017FD-D0C5-4383-B7DE-4BE4FDC233E1}.Release|x64.ActiveCfg = Release|Any CPU
		{A31017FD-D0C5-4383-B7DE-4BE4FDC233E1}.Release|x64.Build.0 = Release|Any CPU
		{A31017FD-D0C5-4383-B7DE-4BE4FDC233E1}.Release|x86.ActiveCfg = Release|Any CPU
		{A31017FD-D0C5-4383-B7DE-4BE4FDC233E1}.Release|x86.Build.0 = Release|Any CPU
		{E9FAABFB-D726-42C1-83C1-CB46A29FEA81}.Ad-Hoc|Any CPU.ActiveCfg = Release|Any CPU
		{E9FAABFB-D726-42C1-83C1-CB46A29FEA81}.Ad-Hoc|Any CPU.Build.0 = Release|Any CPU
		{E9FAABFB-D726-42C1-83C1-CB46A29FEA81}.Ad-Hoc|ARM.ActiveCfg = Release|Any CPU
		{E9FAABFB-D726-42C1-83C1-CB46A29FEA81}.Ad-Hoc|ARM.Build.0 = Release|Any CPU
		{E9FAABFB-D726-42C1-83C1-CB46A29FEA81}.Ad-Hoc|iPhone.ActiveCfg = Release|Any CPU
		{E9FAABFB-D726-42C1-83C1-CB46A29FEA81}.Ad-Hoc|iPhone.Build.0 = Release|Any CPU
		{E9FAABFB-D726-42C1-83C1-CB46A29FEA81}.Ad-Hoc|iPhoneSimulator.ActiveCfg = Release|Any CPU
		{E9FAABFB-D726-42C1-83C1-CB46A29FEA81}.Ad-Hoc|iPhoneSimulator.Build.0 = Release|Any CPU
		{E9FAABFB-D726-42C1-83C1-CB46A29FEA81}.Ad-Hoc|x64.ActiveCfg = Release|Any CPU
		{E9FAABFB-D726-42C1-83C1-CB46A29FEA81}.Ad-Hoc|x64.Build.0 = Release|Any CPU
		{E9FAABFB-D726-42C1-83C1-CB46A29FEA81}.Ad-Hoc|x86.ActiveCfg = Release|Any CPU
		{E9FAABFB-D726-42C1-83C1-CB46A29FEA81}.Ad-Hoc|x86.Build.0 = Release|Any CPU
		{E9FAABFB-D726-42C1-83C1-CB46A29FEA81}.AppStore|Any CPU.ActiveCfg = Release|Any CPU
		{E9FAABFB-D726-42C1-83C1-CB46A29FEA81}.AppStore|Any CPU.Build.0 = Release|Any CPU
		{E9FAABFB-D726-42C1-83C1-CB46A29FEA81}.AppStore|ARM.ActiveCfg = Release|Any CPU
		{E9FAABFB-D726-42C1-83C1-CB46A29FEA81}.AppStore|ARM.Build.0 = Release|Any CPU
		{E9FAABFB-D726-42C1-83C1-CB46A29FEA81}.AppStore|iPhone.ActiveCfg = Release|Any CPU
		{E9FAABFB-D726-42C1-83C1-CB46A29FEA81}.AppStore|iPhone.Build.0 = Release|Any CPU
		{E9FAABFB-D726-42C1-83C1-CB46A29FEA81}.AppStore|iPhoneSimulator.ActiveCfg = Release|Any CPU
		{E9FAABFB-D726-42C1-83C1-CB46A29FEA81}.AppStore|iPhoneSimulator.Build.0 = Release|Any CPU
		{E9FAABFB-D726-42C1-83C1-CB46A29FEA81}.AppStore|x64.ActiveCfg = Release|Any CPU
		{E9FAABFB-D726-42C1-83C1-CB46A29FEA81}.AppStore|x64.Build.0 = Release|Any CPU
		{E9FAABFB-D726-42C1-83C1-CB46A29FEA81}.AppStore|x86.ActiveCfg = Release|Any CPU
		{E9FAABFB-D726-42C1-83C1-CB46A29FEA81}.AppStore|x86.Build.0 = Release|Any CPU
		{E9FAABFB-D726-42C1-83C1-CB46A29FEA81}.Debug (Anniversary Update)|Any CPU.ActiveCfg = Debug (Anniversary Update)|Any CPU
		{E9FAABFB-D726-42C1-83C1-CB46A29FEA81}.Debug (Anniversary Update)|Any CPU.Build.0 = Debug (Anniversary Update)|Any CPU
		{E9FAABFB-D726-42C1-83C1-CB46A29FEA81}.Debug (Anniversary Update)|ARM.ActiveCfg = Debug (Anniversary Update)|Any CPU
		{E9FAABFB-D726-42C1-83C1-CB46A29FEA81}.Debug (Anniversary Update)|ARM.Build.0 = Debug (Anniversary Update)|Any CPU
		{E9FAABFB-D726-42C1-83C1-CB46A29FEA81}.Debug (Anniversary Update)|iPhone.ActiveCfg = Debug (Anniversary Update)|Any CPU
		{E9FAABFB-D726-42C1-83C1-CB46A29FEA81}.Debug (Anniversary Update)|iPhone.Build.0 = Debug (Anniversary Update)|Any CPU
		{E9FAABFB-D726-42C1-83C1-CB46A29FEA81}.Debug (Anniversary Update)|iPhoneSimulator.ActiveCfg = Debug (Anniversary Update)|Any CPU
		{E9FAABFB-D726-42C1-83C1-CB46A29FEA81}.Debug (Anniversary Update)|iPhoneSimulator.Build.0 = Debug (Anniversary Update)|Any CPU
		{E9FAABFB-D726-42C1-83C1-CB46A29FEA81}.Debug (Anniversary Update)|x64.ActiveCfg = Debug (Anniversary Update)|Any CPU
		{E9FAABFB-D726-42C1-83C1-CB46A29FEA81}.Debug (Anniversary Update)|x64.Build.0 = Debug (Anniversary Update)|Any CPU
		{E9FAABFB-D726-42C1-83C1-CB46A29FEA81}.Debug (Anniversary Update)|x86.ActiveCfg = Debug (Anniversary Update)|Any CPU
		{E9FAABFB-D726-42C1-83C1-CB46A29FEA81}.Debug (Anniversary Update)|x86.Build.0 = Debug (Anniversary Update)|Any CPU
		{E9FAABFB-D726-42C1-83C1-CB46A29FEA81}.Debug (Version 1511)|Any CPU.ActiveCfg = Debug (Version 1511)|Any CPU
		{E9FAABFB-D726-42C1-83C1-CB46A29FEA81}.Debug (Version 1511)|Any CPU.Build.0 = Debug (Version 1511)|Any CPU
		{E9FAABFB-D726-42C1-83C1-CB46A29FEA81}.Debug (Version 1511)|ARM.ActiveCfg = Debug (Version 1511)|Any CPU
		{E9FAABFB-D726-42C1-83C1-CB46A29FEA81}.Debug (Version 1511)|ARM.Build.0 = Debug (Version 1511)|Any CPU
		{E9FAABFB-D726-42C1-83C1-CB46A29FEA81}.Debug (Version 1511)|iPhone.ActiveCfg = Debug (Version 1511)|Any CPU
		{E9FAABFB-D726-42C1-83C1-CB46A29FEA81}.Debug (Version 1511)|iPhone.Build.0 = Debug (Version 1511)|Any CPU
		{E9FAABFB-D726-42C1-83C1-CB46A29FEA81}.Debug (Version 1511)|iPhoneSimulator.ActiveCfg = Debug (Version 1511)|Any CPU
		{E9FAABFB-D726-42C1-83C1-CB46A29FEA81}.Debug (Version 1511)|iPhoneSimulator.Build.0 = Debug (Version 1511)|Any CPU
		{E9FAABFB-D726-42C1-83C1-CB46A29FEA81}.Debug (Version 1511)|x64.ActiveCfg = Debug (Version 1511)|Any CPU
		{E9FAABFB-D726-42C1-83C1-CB46A29FEA81}.Debug (Version 1511)|x64.Build.0 = Debug (Version 1511)|Any CPU
		{E9FAABFB-D726-42C1-83C1-CB46A29FEA81}.Debug (Version 1511)|x86.ActiveCfg = Debug (Version 1511)|Any CPU
		{E9FAABFB-D726-42C1-83C1-CB46A29FEA81}.Debug (Version 1511)|x86.Build.0 = Debug (Version 1511)|Any CPU
		{E9FAABFB-D726-42C1-83C1-CB46A29FEA81}.Debug|Any CPU.ActiveCfg = Debug|Any CPU
		{E9FAABFB-D726-42C1-83C1-CB46A29FEA81}.Debug|Any CPU.Build.0 = Debug|Any CPU
		{E9FAABFB-D726-42C1-83C1-CB46A29FEA81}.Debug|ARM.ActiveCfg = Debug|Any CPU
		{E9FAABFB-D726-42C1-83C1-CB46A29FEA81}.Debug|ARM.Build.0 = Debug|Any CPU
		{E9FAABFB-D726-42C1-83C1-CB46A29FEA81}.Debug|iPhone.ActiveCfg = Debug|Any CPU
		{E9FAABFB-D726-42C1-83C1-CB46A29FEA81}.Debug|iPhone.Build.0 = Debug|Any CPU
		{E9FAABFB-D726-42C1-83C1-CB46A29FEA81}.Debug|iPhoneSimulator.ActiveCfg = Debug|Any CPU
		{E9FAABFB-D726-42C1-83C1-CB46A29FEA81}.Debug|iPhoneSimulator.Build.0 = Debug|Any CPU
		{E9FAABFB-D726-42C1-83C1-CB46A29FEA81}.Debug|x64.ActiveCfg = Debug|Any CPU
		{E9FAABFB-D726-42C1-83C1-CB46A29FEA81}.Debug|x64.Build.0 = Debug|Any CPU
		{E9FAABFB-D726-42C1-83C1-CB46A29FEA81}.Debug|x86.ActiveCfg = Debug|Any CPU
		{E9FAABFB-D726-42C1-83C1-CB46A29FEA81}.Debug|x86.Build.0 = Debug|Any CPU
		{E9FAABFB-D726-42C1-83C1-CB46A29FEA81}.Release (Anniversary Update)|Any CPU.ActiveCfg = Release (Anniversary Update)|Any CPU
		{E9FAABFB-D726-42C1-83C1-CB46A29FEA81}.Release (Anniversary Update)|Any CPU.Build.0 = Release (Anniversary Update)|Any CPU
		{E9FAABFB-D726-42C1-83C1-CB46A29FEA81}.Release (Anniversary Update)|ARM.ActiveCfg = Release (Anniversary Update)|Any CPU
		{E9FAABFB-D726-42C1-83C1-CB46A29FEA81}.Release (Anniversary Update)|ARM.Build.0 = Release (Anniversary Update)|Any CPU
		{E9FAABFB-D726-42C1-83C1-CB46A29FEA81}.Release (Anniversary Update)|iPhone.ActiveCfg = Release (Anniversary Update)|Any CPU
		{E9FAABFB-D726-42C1-83C1-CB46A29FEA81}.Release (Anniversary Update)|iPhone.Build.0 = Release (Anniversary Update)|Any CPU
		{E9FAABFB-D726-42C1-83C1-CB46A29FEA81}.Release (Anniversary Update)|iPhoneSimulator.ActiveCfg = Release (Anniversary Update)|Any CPU
		{E9FAABFB-D726-42C1-83C1-CB46A29FEA81}.Release (Anniversary Update)|iPhoneSimulator.Build.0 = Release (Anniversary Update)|Any CPU
		{E9FAABFB-D726-42C1-83C1-CB46A29FEA81}.Release (Anniversary Update)|x64.ActiveCfg = Release (Anniversary Update)|Any CPU
		{E9FAABFB-D726-42C1-83C1-CB46A29FEA81}.Release (Anniversary Update)|x64.Build.0 = Release (Anniversary Update)|Any CPU
		{E9FAABFB-D726-42C1-83C1-CB46A29FEA81}.Release (Anniversary Update)|x86.ActiveCfg = Release (Anniversary Update)|Any CPU
		{E9FAABFB-D726-42C1-83C1-CB46A29FEA81}.Release (Anniversary Update)|x86.Build.0 = Release (Anniversary Update)|Any CPU
		{E9FAABFB-D726-42C1-83C1-CB46A29FEA81}.Release (Version 1511)|Any CPU.ActiveCfg = Release (Version 1511)|Any CPU
		{E9FAABFB-D726-42C1-83C1-CB46A29FEA81}.Release (Version 1511)|Any CPU.Build.0 = Release (Version 1511)|Any CPU
		{E9FAABFB-D726-42C1-83C1-CB46A29FEA81}.Release (Version 1511)|ARM.ActiveCfg = Release (Version 1511)|Any CPU
		{E9FAABFB-D726-42C1-83C1-CB46A29FEA81}.Release (Version 1511)|ARM.Build.0 = Release (Version 1511)|Any CPU
		{E9FAABFB-D726-42C1-83C1-CB46A29FEA81}.Release (Version 1511)|iPhone.ActiveCfg = Release (Version 1511)|Any CPU
		{E9FAABFB-D726-42C1-83C1-CB46A29FEA81}.Release (Version 1511)|iPhone.Build.0 = Release (Version 1511)|Any CPU
		{E9FAABFB-D726-42C1-83C1-CB46A29FEA81}.Release (Version 1511)|iPhoneSimulator.ActiveCfg = Release (Version 1511)|Any CPU
		{E9FAABFB-D726-42C1-83C1-CB46A29FEA81}.Release (Version 1511)|iPhoneSimulator.Build.0 = Release (Version 1511)|Any CPU
		{E9FAABFB-D726-42C1-83C1-CB46A29FEA81}.Release (Version 1511)|x64.ActiveCfg = Release (Version 1511)|Any CPU
		{E9FAABFB-D726-42C1-83C1-CB46A29FEA81}.Release (Version 1511)|x64.Build.0 = Release (Version 1511)|Any CPU
		{E9FAABFB-D726-42C1-83C1-CB46A29FEA81}.Release (Version 1511)|x86.ActiveCfg = Release (Version 1511)|Any CPU
		{E9FAABFB-D726-42C1-83C1-CB46A29FEA81}.Release (Version 1511)|x86.Build.0 = Release (Version 1511)|Any CPU
		{E9FAABFB-D726-42C1-83C1-CB46A29FEA81}.Release|Any CPU.ActiveCfg = Release|Any CPU
		{E9FAABFB-D726-42C1-83C1-CB46A29FEA81}.Release|Any CPU.Build.0 = Release|Any CPU
		{E9FAABFB-D726-42C1-83C1-CB46A29FEA81}.Release|ARM.ActiveCfg = Release|Any CPU
		{E9FAABFB-D726-42C1-83C1-CB46A29FEA81}.Release|ARM.Build.0 = Release|Any CPU
		{E9FAABFB-D726-42C1-83C1-CB46A29FEA81}.Release|iPhone.ActiveCfg = Release|Any CPU
		{E9FAABFB-D726-42C1-83C1-CB46A29FEA81}.Release|iPhone.Build.0 = Release|Any CPU
		{E9FAABFB-D726-42C1-83C1-CB46A29FEA81}.Release|iPhoneSimulator.ActiveCfg = Release|Any CPU
		{E9FAABFB-D726-42C1-83C1-CB46A29FEA81}.Release|iPhoneSimulator.Build.0 = Release|Any CPU
		{E9FAABFB-D726-42C1-83C1-CB46A29FEA81}.Release|x64.ActiveCfg = Release|Any CPU
		{E9FAABFB-D726-42C1-83C1-CB46A29FEA81}.Release|x64.Build.0 = Release|Any CPU
		{E9FAABFB-D726-42C1-83C1-CB46A29FEA81}.Release|x86.ActiveCfg = Release|Any CPU
		{E9FAABFB-D726-42C1-83C1-CB46A29FEA81}.Release|x86.Build.0 = Release|Any CPU
		{3DD8AA7C-3569-4E51-992F-0C2257E8878E}.Ad-Hoc|Any CPU.ActiveCfg = Release|Any CPU
		{3DD8AA7C-3569-4E51-992F-0C2257E8878E}.Ad-Hoc|Any CPU.Build.0 = Release|Any CPU
		{3DD8AA7C-3569-4E51-992F-0C2257E8878E}.Ad-Hoc|ARM.ActiveCfg = Release|Any CPU
		{3DD8AA7C-3569-4E51-992F-0C2257E8878E}.Ad-Hoc|ARM.Build.0 = Release|Any CPU
		{3DD8AA7C-3569-4E51-992F-0C2257E8878E}.Ad-Hoc|iPhone.ActiveCfg = Release|Any CPU
		{3DD8AA7C-3569-4E51-992F-0C2257E8878E}.Ad-Hoc|iPhone.Build.0 = Release|Any CPU
		{3DD8AA7C-3569-4E51-992F-0C2257E8878E}.Ad-Hoc|iPhoneSimulator.ActiveCfg = Release|Any CPU
		{3DD8AA7C-3569-4E51-992F-0C2257E8878E}.Ad-Hoc|iPhoneSimulator.Build.0 = Release|Any CPU
		{3DD8AA7C-3569-4E51-992F-0C2257E8878E}.Ad-Hoc|x64.ActiveCfg = Release|Any CPU
		{3DD8AA7C-3569-4E51-992F-0C2257E8878E}.Ad-Hoc|x64.Build.0 = Release|Any CPU
		{3DD8AA7C-3569-4E51-992F-0C2257E8878E}.Ad-Hoc|x86.ActiveCfg = Release|Any CPU
		{3DD8AA7C-3569-4E51-992F-0C2257E8878E}.Ad-Hoc|x86.Build.0 = Release|Any CPU
		{3DD8AA7C-3569-4E51-992F-0C2257E8878E}.AppStore|Any CPU.ActiveCfg = Release|Any CPU
		{3DD8AA7C-3569-4E51-992F-0C2257E8878E}.AppStore|Any CPU.Build.0 = Release|Any CPU
		{3DD8AA7C-3569-4E51-992F-0C2257E8878E}.AppStore|ARM.ActiveCfg = Release|Any CPU
		{3DD8AA7C-3569-4E51-992F-0C2257E8878E}.AppStore|ARM.Build.0 = Release|Any CPU
		{3DD8AA7C-3569-4E51-992F-0C2257E8878E}.AppStore|iPhone.ActiveCfg = Release|Any CPU
		{3DD8AA7C-3569-4E51-992F-0C2257E8878E}.AppStore|iPhone.Build.0 = Release|Any CPU
		{3DD8AA7C-3569-4E51-992F-0C2257E8878E}.AppStore|iPhoneSimulator.ActiveCfg = Release|Any CPU
		{3DD8AA7C-3569-4E51-992F-0C2257E8878E}.AppStore|iPhoneSimulator.Build.0 = Release|Any CPU
		{3DD8AA7C-3569-4E51-992F-0C2257E8878E}.AppStore|x64.ActiveCfg = Release|Any CPU
		{3DD8AA7C-3569-4E51-992F-0C2257E8878E}.AppStore|x64.Build.0 = Release|Any CPU
		{3DD8AA7C-3569-4E51-992F-0C2257E8878E}.AppStore|x86.ActiveCfg = Release|Any CPU
		{3DD8AA7C-3569-4E51-992F-0C2257E8878E}.AppStore|x86.Build.0 = Release|Any CPU
		{3DD8AA7C-3569-4E51-992F-0C2257E8878E}.Debug (Anniversary Update)|Any CPU.ActiveCfg = Debug (Anniversary Update)|Any CPU
		{3DD8AA7C-3569-4E51-992F-0C2257E8878E}.Debug (Anniversary Update)|Any CPU.Build.0 = Debug (Anniversary Update)|Any CPU
		{3DD8AA7C-3569-4E51-992F-0C2257E8878E}.Debug (Anniversary Update)|ARM.ActiveCfg = Debug (Anniversary Update)|Any CPU
		{3DD8AA7C-3569-4E51-992F-0C2257E8878E}.Debug (Anniversary Update)|ARM.Build.0 = Debug (Anniversary Update)|Any CPU
		{3DD8AA7C-3569-4E51-992F-0C2257E8878E}.Debug (Anniversary Update)|iPhone.ActiveCfg = Debug (Anniversary Update)|Any CPU
		{3DD8AA7C-3569-4E51-992F-0C2257E8878E}.Debug (Anniversary Update)|iPhone.Build.0 = Debug (Anniversary Update)|Any CPU
		{3DD8AA7C-3569-4E51-992F-0C2257E8878E}.Debug (Anniversary Update)|iPhoneSimulator.ActiveCfg = Debug (Anniversary Update)|Any CPU
		{3DD8AA7C-3569-4E51-992F-0C2257E8878E}.Debug (Anniversary Update)|iPhoneSimulator.Build.0 = Debug (Anniversary Update)|Any CPU
		{3DD8AA7C-3569-4E51-992F-0C2257E8878E}.Debug (Anniversary Update)|x64.ActiveCfg = Debug (Anniversary Update)|Any CPU
		{3DD8AA7C-3569-4E51-992F-0C2257E8878E}.Debug (Anniversary Update)|x64.Build.0 = Debug (Anniversary Update)|Any CPU
		{3DD8AA7C-3569-4E51-992F-0C2257E8878E}.Debug (Anniversary Update)|x86.ActiveCfg = Debug (Anniversary Update)|Any CPU
		{3DD8AA7C-3569-4E51-992F-0C2257E8878E}.Debug (Anniversary Update)|x86.Build.0 = Debug (Anniversary Update)|Any CPU
		{3DD8AA7C-3569-4E51-992F-0C2257E8878E}.Debug (Version 1511)|Any CPU.ActiveCfg = Debug (Version 1511)|Any CPU
		{3DD8AA7C-3569-4E51-992F-0C2257E8878E}.Debug (Version 1511)|Any CPU.Build.0 = Debug (Version 1511)|Any CPU
		{3DD8AA7C-3569-4E51-992F-0C2257E8878E}.Debug (Version 1511)|ARM.ActiveCfg = Debug (Version 1511)|Any CPU
		{3DD8AA7C-3569-4E51-992F-0C2257E8878E}.Debug (Version 1511)|ARM.Build.0 = Debug (Version 1511)|Any CPU
		{3DD8AA7C-3569-4E51-992F-0C2257E8878E}.Debug (Version 1511)|iPhone.ActiveCfg = Debug (Version 1511)|Any CPU
		{3DD8AA7C-3569-4E51-992F-0C2257E8878E}.Debug (Version 1511)|iPhone.Build.0 = Debug (Version 1511)|Any CPU
		{3DD8AA7C-3569-4E51-992F-0C2257E8878E}.Debug (Version 1511)|iPhoneSimulator.ActiveCfg = Debug (Version 1511)|Any CPU
		{3DD8AA7C-3569-4E51-992F-0C2257E8878E}.Debug (Version 1511)|iPhoneSimulator.Build.0 = Debug (Version 1511)|Any CPU
		{3DD8AA7C-3569-4E51-992F-0C2257E8878E}.Debug (Version 1511)|x64.ActiveCfg = Debug (Version 1511)|Any CPU
		{3DD8AA7C-3569-4E51-992F-0C2257E8878E}.Debug (Version 1511)|x64.Build.0 = Debug (Version 1511)|Any CPU
		{3DD8AA7C-3569-4E51-992F-0C2257E8878E}.Debug (Version 1511)|x86.ActiveCfg = Debug (Version 1511)|Any CPU
		{3DD8AA7C-3569-4E51-992F-0C2257E8878E}.Debug (Version 1511)|x86.Build.0 = Debug (Version 1511)|Any CPU
		{3DD8AA7C-3569-4E51-992F-0C2257E8878E}.Debug|Any CPU.ActiveCfg = Debug|Any CPU
		{3DD8AA7C-3569-4E51-992F-0C2257E8878E}.Debug|Any CPU.Build.0 = Debug|Any CPU
		{3DD8AA7C-3569-4E51-992F-0C2257E8878E}.Debug|ARM.ActiveCfg = Debug|Any CPU
		{3DD8AA7C-3569-4E51-992F-0C2257E8878E}.Debug|ARM.Build.0 = Debug|Any CPU
		{3DD8AA7C-3569-4E51-992F-0C2257E8878E}.Debug|iPhone.ActiveCfg = Debug|Any CPU
		{3DD8AA7C-3569-4E51-992F-0C2257E8878E}.Debug|iPhone.Build.0 = Debug|Any CPU
		{3DD8AA7C-3569-4E51-992F-0C2257E8878E}.Debug|iPhoneSimulator.ActiveCfg = Debug|Any CPU
		{3DD8AA7C-3569-4E51-992F-0C2257E8878E}.Debug|iPhoneSimulator.Build.0 = Debug|Any CPU
		{3DD8AA7C-3569-4E51-992F-0C2257E8878E}.Debug|x64.ActiveCfg = Debug|Any CPU
		{3DD8AA7C-3569-4E51-992F-0C2257E8878E}.Debug|x64.Build.0 = Debug|Any CPU
		{3DD8AA7C-3569-4E51-992F-0C2257E8878E}.Debug|x86.ActiveCfg = Debug|Any CPU
		{3DD8AA7C-3569-4E51-992F-0C2257E8878E}.Debug|x86.Build.0 = Debug|Any CPU
		{3DD8AA7C-3569-4E51-992F-0C2257E8878E}.Release (Anniversary Update)|Any CPU.ActiveCfg = Release (Anniversary Update)|Any CPU
		{3DD8AA7C-3569-4E51-992F-0C2257E8878E}.Release (Anniversary Update)|Any CPU.Build.0 = Release (Anniversary Update)|Any CPU
		{3DD8AA7C-3569-4E51-992F-0C2257E8878E}.Release (Anniversary Update)|ARM.ActiveCfg = Release (Anniversary Update)|Any CPU
		{3DD8AA7C-3569-4E51-992F-0C2257E8878E}.Release (Anniversary Update)|ARM.Build.0 = Release (Anniversary Update)|Any CPU
		{3DD8AA7C-3569-4E51-992F-0C2257E8878E}.Release (Anniversary Update)|iPhone.ActiveCfg = Release (Anniversary Update)|Any CPU
		{3DD8AA7C-3569-4E51-992F-0C2257E8878E}.Release (Anniversary Update)|iPhone.Build.0 = Release (Anniversary Update)|Any CPU
		{3DD8AA7C-3569-4E51-992F-0C2257E8878E}.Release (Anniversary Update)|iPhoneSimulator.ActiveCfg = Release (Anniversary Update)|Any CPU
		{3DD8AA7C-3569-4E51-992F-0C2257E8878E}.Release (Anniversary Update)|iPhoneSimulator.Build.0 = Release (Anniversary Update)|Any CPU
		{3DD8AA7C-3569-4E51-992F-0C2257E8878E}.Release (Anniversary Update)|x64.ActiveCfg = Release (Anniversary Update)|Any CPU
		{3DD8AA7C-3569-4E51-992F-0C2257E8878E}.Release (Anniversary Update)|x64.Build.0 = Release (Anniversary Update)|Any CPU
		{3DD8AA7C-3569-4E51-992F-0C2257E8878E}.Release (Anniversary Update)|x86.ActiveCfg = Release (Anniversary Update)|Any CPU
		{3DD8AA7C-3569-4E51-992F-0C2257E8878E}.Release (Anniversary Update)|x86.Build.0 = Release (Anniversary Update)|Any CPU
		{3DD8AA7C-3569-4E51-992F-0C2257E8878E}.Release (Version 1511)|Any CPU.ActiveCfg = Release (Version 1511)|Any CPU
		{3DD8AA7C-3569-4E51-992F-0C2257E8878E}.Release (Version 1511)|Any CPU.Build.0 = Release (Version 1511)|Any CPU
		{3DD8AA7C-3569-4E51-992F-0C2257E8878E}.Release (Version 1511)|ARM.ActiveCfg = Release (Version 1511)|Any CPU
		{3DD8AA7C-3569-4E51-992F-0C2257E8878E}.Release (Version 1511)|ARM.Build.0 = Release (Version 1511)|Any CPU
		{3DD8AA7C-3569-4E51-992F-0C2257E8878E}.Release (Version 1511)|iPhone.ActiveCfg = Release (Version 1511)|Any CPU
		{3DD8AA7C-3569-4E51-992F-0C2257E8878E}.Release (Version 1511)|iPhone.Build.0 = Release (Version 1511)|Any CPU
		{3DD8AA7C-3569-4E51-992F-0C2257E8878E}.Release (Version 1511)|iPhoneSimulator.ActiveCfg = Release (Version 1511)|Any CPU
		{3DD8AA7C-3569-4E51-992F-0C2257E8878E}.Release (Version 1511)|iPhoneSimulator.Build.0 = Release (Version 1511)|Any CPU
		{3DD8AA7C-3569-4E51-992F-0C2257E8878E}.Release (Version 1511)|x64.ActiveCfg = Release (Version 1511)|Any CPU
		{3DD8AA7C-3569-4E51-992F-0C2257E8878E}.Release (Version 1511)|x64.Build.0 = Release (Version 1511)|Any CPU
		{3DD8AA7C-3569-4E51-992F-0C2257E8878E}.Release (Version 1511)|x86.ActiveCfg = Release (Version 1511)|Any CPU
		{3DD8AA7C-3569-4E51-992F-0C2257E8878E}.Release (Version 1511)|x86.Build.0 = Release (Version 1511)|Any CPU
		{3DD8AA7C-3569-4E51-992F-0C2257E8878E}.Release|Any CPU.ActiveCfg = Release|Any CPU
		{3DD8AA7C-3569-4E51-992F-0C2257E8878E}.Release|Any CPU.Build.0 = Release|Any CPU
		{3DD8AA7C-3569-4E51-992F-0C2257E8878E}.Release|ARM.ActiveCfg = Release|Any CPU
		{3DD8AA7C-3569-4E51-992F-0C2257E8878E}.Release|ARM.Build.0 = Release|Any CPU
		{3DD8AA7C-3569-4E51-992F-0C2257E8878E}.Release|iPhone.ActiveCfg = Release|Any CPU
		{3DD8AA7C-3569-4E51-992F-0C2257E8878E}.Release|iPhone.Build.0 = Release|Any CPU
		{3DD8AA7C-3569-4E51-992F-0C2257E8878E}.Release|iPhoneSimulator.ActiveCfg = Release|Any CPU
		{3DD8AA7C-3569-4E51-992F-0C2257E8878E}.Release|iPhoneSimulator.Build.0 = Release|Any CPU
		{3DD8AA7C-3569-4E51-992F-0C2257E8878E}.Release|x64.ActiveCfg = Release|Any CPU
		{3DD8AA7C-3569-4E51-992F-0C2257E8878E}.Release|x64.Build.0 = Release|Any CPU
		{3DD8AA7C-3569-4E51-992F-0C2257E8878E}.Release|x86.ActiveCfg = Release|Any CPU
		{3DD8AA7C-3569-4E51-992F-0C2257E8878E}.Release|x86.Build.0 = Release|Any CPU
		{B24A296C-B3EB-4E06-A64E-74AC2D1ACC91}.Ad-Hoc|Any CPU.ActiveCfg = Release|Any CPU
		{B24A296C-B3EB-4E06-A64E-74AC2D1ACC91}.Ad-Hoc|Any CPU.Build.0 = Release|Any CPU
		{B24A296C-B3EB-4E06-A64E-74AC2D1ACC91}.Ad-Hoc|ARM.ActiveCfg = Release|Any CPU
		{B24A296C-B3EB-4E06-A64E-74AC2D1ACC91}.Ad-Hoc|ARM.Build.0 = Release|Any CPU
		{B24A296C-B3EB-4E06-A64E-74AC2D1ACC91}.Ad-Hoc|iPhone.ActiveCfg = Release|Any CPU
		{B24A296C-B3EB-4E06-A64E-74AC2D1ACC91}.Ad-Hoc|iPhone.Build.0 = Release|Any CPU
		{B24A296C-B3EB-4E06-A64E-74AC2D1ACC91}.Ad-Hoc|iPhoneSimulator.ActiveCfg = Release|Any CPU
		{B24A296C-B3EB-4E06-A64E-74AC2D1ACC91}.Ad-Hoc|iPhoneSimulator.Build.0 = Release|Any CPU
		{B24A296C-B3EB-4E06-A64E-74AC2D1ACC91}.Ad-Hoc|x64.ActiveCfg = Release|Any CPU
		{B24A296C-B3EB-4E06-A64E-74AC2D1ACC91}.Ad-Hoc|x64.Build.0 = Release|Any CPU
		{B24A296C-B3EB-4E06-A64E-74AC2D1ACC91}.Ad-Hoc|x86.ActiveCfg = Release|Any CPU
		{B24A296C-B3EB-4E06-A64E-74AC2D1ACC91}.Ad-Hoc|x86.Build.0 = Release|Any CPU
		{B24A296C-B3EB-4E06-A64E-74AC2D1ACC91}.AppStore|Any CPU.ActiveCfg = Release|Any CPU
		{B24A296C-B3EB-4E06-A64E-74AC2D1ACC91}.AppStore|Any CPU.Build.0 = Release|Any CPU
		{B24A296C-B3EB-4E06-A64E-74AC2D1ACC91}.AppStore|ARM.ActiveCfg = Release|Any CPU
		{B24A296C-B3EB-4E06-A64E-74AC2D1ACC91}.AppStore|ARM.Build.0 = Release|Any CPU
		{B24A296C-B3EB-4E06-A64E-74AC2D1ACC91}.AppStore|iPhone.ActiveCfg = Release|Any CPU
		{B24A296C-B3EB-4E06-A64E-74AC2D1ACC91}.AppStore|iPhone.Build.0 = Release|Any CPU
		{B24A296C-B3EB-4E06-A64E-74AC2D1ACC91}.AppStore|iPhoneSimulator.ActiveCfg = Release|Any CPU
		{B24A296C-B3EB-4E06-A64E-74AC2D1ACC91}.AppStore|iPhoneSimulator.Build.0 = Release|Any CPU
		{B24A296C-B3EB-4E06-A64E-74AC2D1ACC91}.AppStore|x64.ActiveCfg = Release|Any CPU
		{B24A296C-B3EB-4E06-A64E-74AC2D1ACC91}.AppStore|x64.Build.0 = Release|Any CPU
		{B24A296C-B3EB-4E06-A64E-74AC2D1ACC91}.AppStore|x86.ActiveCfg = Release|Any CPU
		{B24A296C-B3EB-4E06-A64E-74AC2D1ACC91}.AppStore|x86.Build.0 = Release|Any CPU
		{B24A296C-B3EB-4E06-A64E-74AC2D1ACC91}.Debug (Anniversary Update)|Any CPU.ActiveCfg = Debug (Anniversary Update)|Any CPU
		{B24A296C-B3EB-4E06-A64E-74AC2D1ACC91}.Debug (Anniversary Update)|Any CPU.Build.0 = Debug (Anniversary Update)|Any CPU
		{B24A296C-B3EB-4E06-A64E-74AC2D1ACC91}.Debug (Anniversary Update)|ARM.ActiveCfg = Debug (Anniversary Update)|Any CPU
		{B24A296C-B3EB-4E06-A64E-74AC2D1ACC91}.Debug (Anniversary Update)|ARM.Build.0 = Debug (Anniversary Update)|Any CPU
		{B24A296C-B3EB-4E06-A64E-74AC2D1ACC91}.Debug (Anniversary Update)|iPhone.ActiveCfg = Debug (Anniversary Update)|Any CPU
		{B24A296C-B3EB-4E06-A64E-74AC2D1ACC91}.Debug (Anniversary Update)|iPhone.Build.0 = Debug (Anniversary Update)|Any CPU
		{B24A296C-B3EB-4E06-A64E-74AC2D1ACC91}.Debug (Anniversary Update)|iPhoneSimulator.ActiveCfg = Debug (Anniversary Update)|Any CPU
		{B24A296C-B3EB-4E06-A64E-74AC2D1ACC91}.Debug (Anniversary Update)|iPhoneSimulator.Build.0 = Debug (Anniversary Update)|Any CPU
		{B24A296C-B3EB-4E06-A64E-74AC2D1ACC91}.Debug (Anniversary Update)|x64.ActiveCfg = Debug (Anniversary Update)|Any CPU
		{B24A296C-B3EB-4E06-A64E-74AC2D1ACC91}.Debug (Anniversary Update)|x64.Build.0 = Debug (Anniversary Update)|Any CPU
		{B24A296C-B3EB-4E06-A64E-74AC2D1ACC91}.Debug (Anniversary Update)|x86.ActiveCfg = Debug (Anniversary Update)|Any CPU
		{B24A296C-B3EB-4E06-A64E-74AC2D1ACC91}.Debug (Anniversary Update)|x86.Build.0 = Debug (Anniversary Update)|Any CPU
		{B24A296C-B3EB-4E06-A64E-74AC2D1ACC91}.Debug (Version 1511)|Any CPU.ActiveCfg = Debug (Version 1511)|Any CPU
		{B24A296C-B3EB-4E06-A64E-74AC2D1ACC91}.Debug (Version 1511)|Any CPU.Build.0 = Debug (Version 1511)|Any CPU
		{B24A296C-B3EB-4E06-A64E-74AC2D1ACC91}.Debug (Version 1511)|ARM.ActiveCfg = Debug (Version 1511)|Any CPU
		{B24A296C-B3EB-4E06-A64E-74AC2D1ACC91}.Debug (Version 1511)|ARM.Build.0 = Debug (Version 1511)|Any CPU
		{B24A296C-B3EB-4E06-A64E-74AC2D1ACC91}.Debug (Version 1511)|iPhone.ActiveCfg = Debug (Version 1511)|Any CPU
		{B24A296C-B3EB-4E06-A64E-74AC2D1ACC91}.Debug (Version 1511)|iPhone.Build.0 = Debug (Version 1511)|Any CPU
		{B24A296C-B3EB-4E06-A64E-74AC2D1ACC91}.Debug (Version 1511)|iPhoneSimulator.ActiveCfg = Debug (Version 1511)|Any CPU
		{B24A296C-B3EB-4E06-A64E-74AC2D1ACC91}.Debug (Version 1511)|iPhoneSimulator.Build.0 = Debug (Version 1511)|Any CPU
		{B24A296C-B3EB-4E06-A64E-74AC2D1ACC91}.Debug (Version 1511)|x64.ActiveCfg = Debug (Version 1511)|Any CPU
		{B24A296C-B3EB-4E06-A64E-74AC2D1ACC91}.Debug (Version 1511)|x64.Build.0 = Debug (Version 1511)|Any CPU
		{B24A296C-B3EB-4E06-A64E-74AC2D1ACC91}.Debug (Version 1511)|x86.ActiveCfg = Debug (Version 1511)|Any CPU
		{B24A296C-B3EB-4E06-A64E-74AC2D1ACC91}.Debug (Version 1511)|x86.Build.0 = Debug (Version 1511)|Any CPU
		{B24A296C-B3EB-4E06-A64E-74AC2D1ACC91}.Debug|Any CPU.ActiveCfg = Debug|Any CPU
		{B24A296C-B3EB-4E06-A64E-74AC2D1ACC91}.Debug|Any CPU.Build.0 = Debug|Any CPU
		{B24A296C-B3EB-4E06-A64E-74AC2D1ACC91}.Debug|ARM.ActiveCfg = Debug|Any CPU
		{B24A296C-B3EB-4E06-A64E-74AC2D1ACC91}.Debug|ARM.Build.0 = Debug|Any CPU
		{B24A296C-B3EB-4E06-A64E-74AC2D1ACC91}.Debug|iPhone.ActiveCfg = Debug|Any CPU
		{B24A296C-B3EB-4E06-A64E-74AC2D1ACC91}.Debug|iPhone.Build.0 = Debug|Any CPU
		{B24A296C-B3EB-4E06-A64E-74AC2D1ACC91}.Debug|iPhoneSimulator.ActiveCfg = Debug|Any CPU
		{B24A296C-B3EB-4E06-A64E-74AC2D1ACC91}.Debug|iPhoneSimulator.Build.0 = Debug|Any CPU
		{B24A296C-B3EB-4E06-A64E-74AC2D1ACC91}.Debug|x64.ActiveCfg = Debug|Any CPU
		{B24A296C-B3EB-4E06-A64E-74AC2D1ACC91}.Debug|x64.Build.0 = Debug|Any CPU
		{B24A296C-B3EB-4E06-A64E-74AC2D1ACC91}.Debug|x86.ActiveCfg = Debug|Any CPU
		{B24A296C-B3EB-4E06-A64E-74AC2D1ACC91}.Debug|x86.Build.0 = Debug|Any CPU
		{B24A296C-B3EB-4E06-A64E-74AC2D1ACC91}.Release (Anniversary Update)|Any CPU.ActiveCfg = Release (Anniversary Update)|Any CPU
		{B24A296C-B3EB-4E06-A64E-74AC2D1ACC91}.Release (Anniversary Update)|Any CPU.Build.0 = Release (Anniversary Update)|Any CPU
		{B24A296C-B3EB-4E06-A64E-74AC2D1ACC91}.Release (Anniversary Update)|ARM.ActiveCfg = Release (Anniversary Update)|Any CPU
		{B24A296C-B3EB-4E06-A64E-74AC2D1ACC91}.Release (Anniversary Update)|ARM.Build.0 = Release (Anniversary Update)|Any CPU
		{B24A296C-B3EB-4E06-A64E-74AC2D1ACC91}.Release (Anniversary Update)|iPhone.ActiveCfg = Release (Anniversary Update)|Any CPU
		{B24A296C-B3EB-4E06-A64E-74AC2D1ACC91}.Release (Anniversary Update)|iPhone.Build.0 = Release (Anniversary Update)|Any CPU
		{B24A296C-B3EB-4E06-A64E-74AC2D1ACC91}.Release (Anniversary Update)|iPhoneSimulator.ActiveCfg = Release (Anniversary Update)|Any CPU
		{B24A296C-B3EB-4E06-A64E-74AC2D1ACC91}.Release (Anniversary Update)|iPhoneSimulator.Build.0 = Release (Anniversary Update)|Any CPU
		{B24A296C-B3EB-4E06-A64E-74AC2D1ACC91}.Release (Anniversary Update)|x64.ActiveCfg = Release (Anniversary Update)|Any CPU
		{B24A296C-B3EB-4E06-A64E-74AC2D1ACC91}.Release (Anniversary Update)|x64.Build.0 = Release (Anniversary Update)|Any CPU
		{B24A296C-B3EB-4E06-A64E-74AC2D1ACC91}.Release (Anniversary Update)|x86.ActiveCfg = Release (Anniversary Update)|Any CPU
		{B24A296C-B3EB-4E06-A64E-74AC2D1ACC91}.Release (Anniversary Update)|x86.Build.0 = Release (Anniversary Update)|Any CPU
		{B24A296C-B3EB-4E06-A64E-74AC2D1ACC91}.Release (Version 1511)|Any CPU.ActiveCfg = Release (Version 1511)|Any CPU
		{B24A296C-B3EB-4E06-A64E-74AC2D1ACC91}.Release (Version 1511)|Any CPU.Build.0 = Release (Version 1511)|Any CPU
		{B24A296C-B3EB-4E06-A64E-74AC2D1ACC91}.Release (Version 1511)|ARM.ActiveCfg = Release (Version 1511)|Any CPU
		{B24A296C-B3EB-4E06-A64E-74AC2D1ACC91}.Release (Version 1511)|ARM.Build.0 = Release (Version 1511)|Any CPU
		{B24A296C-B3EB-4E06-A64E-74AC2D1ACC91}.Release (Version 1511)|iPhone.ActiveCfg = Release (Version 1511)|Any CPU
		{B24A296C-B3EB-4E06-A64E-74AC2D1ACC91}.Release (Version 1511)|iPhone.Build.0 = Release (Version 1511)|Any CPU
		{B24A296C-B3EB-4E06-A64E-74AC2D1ACC91}.Release (Version 1511)|iPhoneSimulator.ActiveCfg = Release (Version 1511)|Any CPU
		{B24A296C-B3EB-4E06-A64E-74AC2D1ACC91}.Release (Version 1511)|iPhoneSimulator.Build.0 = Release (Version 1511)|Any CPU
		{B24A296C-B3EB-4E06-A64E-74AC2D1ACC91}.Release (Version 1511)|x64.ActiveCfg = Release (Version 1511)|Any CPU
		{B24A296C-B3EB-4E06-A64E-74AC2D1ACC91}.Release (Version 1511)|x64.Build.0 = Release (Version 1511)|Any CPU
		{B24A296C-B3EB-4E06-A64E-74AC2D1ACC91}.Release (Version 1511)|x86.ActiveCfg = Release (Version 1511)|Any CPU
		{B24A296C-B3EB-4E06-A64E-74AC2D1ACC91}.Release (Version 1511)|x86.Build.0 = Release (Version 1511)|Any CPU
		{B24A296C-B3EB-4E06-A64E-74AC2D1ACC91}.Release|Any CPU.ActiveCfg = Release|Any CPU
		{B24A296C-B3EB-4E06-A64E-74AC2D1ACC91}.Release|Any CPU.Build.0 = Release|Any CPU
		{B24A296C-B3EB-4E06-A64E-74AC2D1ACC91}.Release|ARM.ActiveCfg = Release|Any CPU
		{B24A296C-B3EB-4E06-A64E-74AC2D1ACC91}.Release|ARM.Build.0 = Release|Any CPU
		{B24A296C-B3EB-4E06-A64E-74AC2D1ACC91}.Release|iPhone.ActiveCfg = Release|Any CPU
		{B24A296C-B3EB-4E06-A64E-74AC2D1ACC91}.Release|iPhone.Build.0 = Release|Any CPU
		{B24A296C-B3EB-4E06-A64E-74AC2D1ACC91}.Release|iPhoneSimulator.ActiveCfg = Release|Any CPU
		{B24A296C-B3EB-4E06-A64E-74AC2D1ACC91}.Release|iPhoneSimulator.Build.0 = Release|Any CPU
		{B24A296C-B3EB-4E06-A64E-74AC2D1ACC91}.Release|x64.ActiveCfg = Release|Any CPU
		{B24A296C-B3EB-4E06-A64E-74AC2D1ACC91}.Release|x64.Build.0 = Release|Any CPU
		{B24A296C-B3EB-4E06-A64E-74AC2D1ACC91}.Release|x86.ActiveCfg = Release|Any CPU
		{B24A296C-B3EB-4E06-A64E-74AC2D1ACC91}.Release|x86.Build.0 = Release|Any CPU
		{805F80DF-75C6-4C2F-8FD9-B47F6D0DF5A3}.Ad-Hoc|Any CPU.ActiveCfg = Release|Any CPU
		{805F80DF-75C6-4C2F-8FD9-B47F6D0DF5A3}.Ad-Hoc|Any CPU.Build.0 = Release|Any CPU
		{805F80DF-75C6-4C2F-8FD9-B47F6D0DF5A3}.Ad-Hoc|ARM.ActiveCfg = Release|Any CPU
		{805F80DF-75C6-4C2F-8FD9-B47F6D0DF5A3}.Ad-Hoc|ARM.Build.0 = Release|Any CPU
		{805F80DF-75C6-4C2F-8FD9-B47F6D0DF5A3}.Ad-Hoc|iPhone.ActiveCfg = Release|Any CPU
		{805F80DF-75C6-4C2F-8FD9-B47F6D0DF5A3}.Ad-Hoc|iPhone.Build.0 = Release|Any CPU
		{805F80DF-75C6-4C2F-8FD9-B47F6D0DF5A3}.Ad-Hoc|iPhoneSimulator.ActiveCfg = Release|Any CPU
		{805F80DF-75C6-4C2F-8FD9-B47F6D0DF5A3}.Ad-Hoc|iPhoneSimulator.Build.0 = Release|Any CPU
		{805F80DF-75C6-4C2F-8FD9-B47F6D0DF5A3}.Ad-Hoc|x64.ActiveCfg = Release|Any CPU
		{805F80DF-75C6-4C2F-8FD9-B47F6D0DF5A3}.Ad-Hoc|x64.Build.0 = Release|Any CPU
		{805F80DF-75C6-4C2F-8FD9-B47F6D0DF5A3}.Ad-Hoc|x86.ActiveCfg = Release|Any CPU
		{805F80DF-75C6-4C2F-8FD9-B47F6D0DF5A3}.Ad-Hoc|x86.Build.0 = Release|Any CPU
		{805F80DF-75C6-4C2F-8FD9-B47F6D0DF5A3}.AppStore|Any CPU.ActiveCfg = Release|Any CPU
		{805F80DF-75C6-4C2F-8FD9-B47F6D0DF5A3}.AppStore|Any CPU.Build.0 = Release|Any CPU
		{805F80DF-75C6-4C2F-8FD9-B47F6D0DF5A3}.AppStore|ARM.ActiveCfg = Release|Any CPU
		{805F80DF-75C6-4C2F-8FD9-B47F6D0DF5A3}.AppStore|ARM.Build.0 = Release|Any CPU
		{805F80DF-75C6-4C2F-8FD9-B47F6D0DF5A3}.AppStore|iPhone.ActiveCfg = Release|Any CPU
		{805F80DF-75C6-4C2F-8FD9-B47F6D0DF5A3}.AppStore|iPhone.Build.0 = Release|Any CPU
		{805F80DF-75C6-4C2F-8FD9-B47F6D0DF5A3}.AppStore|iPhoneSimulator.ActiveCfg = Release|Any CPU
		{805F80DF-75C6-4C2F-8FD9-B47F6D0DF5A3}.AppStore|iPhoneSimulator.Build.0 = Release|Any CPU
		{805F80DF-75C6-4C2F-8FD9-B47F6D0DF5A3}.AppStore|x64.ActiveCfg = Release|Any CPU
		{805F80DF-75C6-4C2F-8FD9-B47F6D0DF5A3}.AppStore|x64.Build.0 = Release|Any CPU
		{805F80DF-75C6-4C2F-8FD9-B47F6D0DF5A3}.AppStore|x86.ActiveCfg = Release|Any CPU
		{805F80DF-75C6-4C2F-8FD9-B47F6D0DF5A3}.AppStore|x86.Build.0 = Release|Any CPU
		{805F80DF-75C6-4C2F-8FD9-B47F6D0DF5A3}.Debug (Anniversary Update)|Any CPU.ActiveCfg = Debug (Anniversary Update)|Any CPU
		{805F80DF-75C6-4C2F-8FD9-B47F6D0DF5A3}.Debug (Anniversary Update)|Any CPU.Build.0 = Debug (Anniversary Update)|Any CPU
		{805F80DF-75C6-4C2F-8FD9-B47F6D0DF5A3}.Debug (Anniversary Update)|ARM.ActiveCfg = Debug (Anniversary Update)|Any CPU
		{805F80DF-75C6-4C2F-8FD9-B47F6D0DF5A3}.Debug (Anniversary Update)|ARM.Build.0 = Debug (Anniversary Update)|Any CPU
		{805F80DF-75C6-4C2F-8FD9-B47F6D0DF5A3}.Debug (Anniversary Update)|iPhone.ActiveCfg = Debug (Anniversary Update)|Any CPU
		{805F80DF-75C6-4C2F-8FD9-B47F6D0DF5A3}.Debug (Anniversary Update)|iPhone.Build.0 = Debug (Anniversary Update)|Any CPU
		{805F80DF-75C6-4C2F-8FD9-B47F6D0DF5A3}.Debug (Anniversary Update)|iPhoneSimulator.ActiveCfg = Debug (Anniversary Update)|Any CPU
		{805F80DF-75C6-4C2F-8FD9-B47F6D0DF5A3}.Debug (Anniversary Update)|iPhoneSimulator.Build.0 = Debug (Anniversary Update)|Any CPU
		{805F80DF-75C6-4C2F-8FD9-B47F6D0DF5A3}.Debug (Anniversary Update)|x64.ActiveCfg = Debug (Anniversary Update)|Any CPU
		{805F80DF-75C6-4C2F-8FD9-B47F6D0DF5A3}.Debug (Anniversary Update)|x64.Build.0 = Debug (Anniversary Update)|Any CPU
		{805F80DF-75C6-4C2F-8FD9-B47F6D0DF5A3}.Debug (Anniversary Update)|x86.ActiveCfg = Debug (Anniversary Update)|Any CPU
		{805F80DF-75C6-4C2F-8FD9-B47F6D0DF5A3}.Debug (Anniversary Update)|x86.Build.0 = Debug (Anniversary Update)|Any CPU
		{805F80DF-75C6-4C2F-8FD9-B47F6D0DF5A3}.Debug (Version 1511)|Any CPU.ActiveCfg = Debug (Version 1511)|Any CPU
		{805F80DF-75C6-4C2F-8FD9-B47F6D0DF5A3}.Debug (Version 1511)|Any CPU.Build.0 = Debug (Version 1511)|Any CPU
		{805F80DF-75C6-4C2F-8FD9-B47F6D0DF5A3}.Debug (Version 1511)|ARM.ActiveCfg = Debug (Version 1511)|Any CPU
		{805F80DF-75C6-4C2F-8FD9-B47F6D0DF5A3}.Debug (Version 1511)|ARM.Build.0 = Debug (Version 1511)|Any CPU
		{805F80DF-75C6-4C2F-8FD9-B47F6D0DF5A3}.Debug (Version 1511)|iPhone.ActiveCfg = Debug (Version 1511)|Any CPU
		{805F80DF-75C6-4C2F-8FD9-B47F6D0DF5A3}.Debug (Version 1511)|iPhone.Build.0 = Debug (Version 1511)|Any CPU
		{805F80DF-75C6-4C2F-8FD9-B47F6D0DF5A3}.Debug (Version 1511)|iPhoneSimulator.ActiveCfg = Debug (Version 1511)|Any CPU
		{805F80DF-75C6-4C2F-8FD9-B47F6D0DF5A3}.Debug (Version 1511)|iPhoneSimulator.Build.0 = Debug (Version 1511)|Any CPU
		{805F80DF-75C6-4C2F-8FD9-B47F6D0DF5A3}.Debug (Version 1511)|x64.ActiveCfg = Debug (Version 1511)|Any CPU
		{805F80DF-75C6-4C2F-8FD9-B47F6D0DF5A3}.Debug (Version 1511)|x64.Build.0 = Debug (Version 1511)|Any CPU
		{805F80DF-75C6-4C2F-8FD9-B47F6D0DF5A3}.Debug (Version 1511)|x86.ActiveCfg = Debug (Version 1511)|Any CPU
		{805F80DF-75C6-4C2F-8FD9-B47F6D0DF5A3}.Debug (Version 1511)|x86.Build.0 = Debug (Version 1511)|Any CPU
		{805F80DF-75C6-4C2F-8FD9-B47F6D0DF5A3}.Debug|Any CPU.ActiveCfg = Debug|Any CPU
		{805F80DF-75C6-4C2F-8FD9-B47F6D0DF5A3}.Debug|Any CPU.Build.0 = Debug|Any CPU
		{805F80DF-75C6-4C2F-8FD9-B47F6D0DF5A3}.Debug|ARM.ActiveCfg = Debug|Any CPU
		{805F80DF-75C6-4C2F-8FD9-B47F6D0DF5A3}.Debug|ARM.Build.0 = Debug|Any CPU
		{805F80DF-75C6-4C2F-8FD9-B47F6D0DF5A3}.Debug|iPhone.ActiveCfg = Debug|Any CPU
		{805F80DF-75C6-4C2F-8FD9-B47F6D0DF5A3}.Debug|iPhone.Build.0 = Debug|Any CPU
		{805F80DF-75C6-4C2F-8FD9-B47F6D0DF5A3}.Debug|iPhoneSimulator.ActiveCfg = Debug|Any CPU
		{805F80DF-75C6-4C2F-8FD9-B47F6D0DF5A3}.Debug|iPhoneSimulator.Build.0 = Debug|Any CPU
		{805F80DF-75C6-4C2F-8FD9-B47F6D0DF5A3}.Debug|x64.ActiveCfg = Debug|Any CPU
		{805F80DF-75C6-4C2F-8FD9-B47F6D0DF5A3}.Debug|x64.Build.0 = Debug|Any CPU
		{805F80DF-75C6-4C2F-8FD9-B47F6D0DF5A3}.Debug|x86.ActiveCfg = Debug|Any CPU
		{805F80DF-75C6-4C2F-8FD9-B47F6D0DF5A3}.Debug|x86.Build.0 = Debug|Any CPU
		{805F80DF-75C6-4C2F-8FD9-B47F6D0DF5A3}.Release (Anniversary Update)|Any CPU.ActiveCfg = Release (Anniversary Update)|Any CPU
		{805F80DF-75C6-4C2F-8FD9-B47F6D0DF5A3}.Release (Anniversary Update)|Any CPU.Build.0 = Release (Anniversary Update)|Any CPU
		{805F80DF-75C6-4C2F-8FD9-B47F6D0DF5A3}.Release (Anniversary Update)|ARM.ActiveCfg = Release (Anniversary Update)|Any CPU
		{805F80DF-75C6-4C2F-8FD9-B47F6D0DF5A3}.Release (Anniversary Update)|ARM.Build.0 = Release (Anniversary Update)|Any CPU
		{805F80DF-75C6-4C2F-8FD9-B47F6D0DF5A3}.Release (Anniversary Update)|iPhone.ActiveCfg = Release (Anniversary Update)|Any CPU
		{805F80DF-75C6-4C2F-8FD9-B47F6D0DF5A3}.Release (Anniversary Update)|iPhone.Build.0 = Release (Anniversary Update)|Any CPU
		{805F80DF-75C6-4C2F-8FD9-B47F6D0DF5A3}.Release (Anniversary Update)|iPhoneSimulator.ActiveCfg = Release (Anniversary Update)|Any CPU
		{805F80DF-75C6-4C2F-8FD9-B47F6D0DF5A3}.Release (Anniversary Update)|iPhoneSimulator.Build.0 = Release (Anniversary Update)|Any CPU
		{805F80DF-75C6-4C2F-8FD9-B47F6D0DF5A3}.Release (Anniversary Update)|x64.ActiveCfg = Release (Anniversary Update)|Any CPU
		{805F80DF-75C6-4C2F-8FD9-B47F6D0DF5A3}.Release (Anniversary Update)|x64.Build.0 = Release (Anniversary Update)|Any CPU
		{805F80DF-75C6-4C2F-8FD9-B47F6D0DF5A3}.Release (Anniversary Update)|x86.ActiveCfg = Release (Anniversary Update)|Any CPU
		{805F80DF-75C6-4C2F-8FD9-B47F6D0DF5A3}.Release (Anniversary Update)|x86.Build.0 = Release (Anniversary Update)|Any CPU
		{805F80DF-75C6-4C2F-8FD9-B47F6D0DF5A3}.Release (Version 1511)|Any CPU.ActiveCfg = Release (Version 1511)|Any CPU
		{805F80DF-75C6-4C2F-8FD9-B47F6D0DF5A3}.Release (Version 1511)|Any CPU.Build.0 = Release (Version 1511)|Any CPU
		{805F80DF-75C6-4C2F-8FD9-B47F6D0DF5A3}.Release (Version 1511)|ARM.ActiveCfg = Release (Version 1511)|Any CPU
		{805F80DF-75C6-4C2F-8FD9-B47F6D0DF5A3}.Release (Version 1511)|ARM.Build.0 = Release (Version 1511)|Any CPU
		{805F80DF-75C6-4C2F-8FD9-B47F6D0DF5A3}.Release (Version 1511)|iPhone.ActiveCfg = Release (Version 1511)|Any CPU
		{805F80DF-75C6-4C2F-8FD9-B47F6D0DF5A3}.Release (Version 1511)|iPhone.Build.0 = Release (Version 1511)|Any CPU
		{805F80DF-75C6-4C2F-8FD9-B47F6D0DF5A3}.Release (Version 1511)|iPhoneSimulator.ActiveCfg = Release (Version 1511)|Any CPU
		{805F80DF-75C6-4C2F-8FD9-B47F6D0DF5A3}.Release (Version 1511)|iPhoneSimulator.Build.0 = Release (Version 1511)|Any CPU
		{805F80DF-75C6-4C2F-8FD9-B47F6D0DF5A3}.Release (Version 1511)|x64.ActiveCfg = Release (Version 1511)|Any CPU
		{805F80DF-75C6-4C2F-8FD9-B47F6D0DF5A3}.Release (Version 1511)|x64.Build.0 = Release (Version 1511)|Any CPU
		{805F80DF-75C6-4C2F-8FD9-B47F6D0DF5A3}.Release (Version 1511)|x86.ActiveCfg = Release (Version 1511)|Any CPU
		{805F80DF-75C6-4C2F-8FD9-B47F6D0DF5A3}.Release (Version 1511)|x86.Build.0 = Release (Version 1511)|Any CPU
		{805F80DF-75C6-4C2F-8FD9-B47F6D0DF5A3}.Release|Any CPU.ActiveCfg = Release|Any CPU
		{805F80DF-75C6-4C2F-8FD9-B47F6D0DF5A3}.Release|Any CPU.Build.0 = Release|Any CPU
		{805F80DF-75C6-4C2F-8FD9-B47F6D0DF5A3}.Release|ARM.ActiveCfg = Release|Any CPU
		{805F80DF-75C6-4C2F-8FD9-B47F6D0DF5A3}.Release|ARM.Build.0 = Release|Any CPU
		{805F80DF-75C6-4C2F-8FD9-B47F6D0DF5A3}.Release|iPhone.ActiveCfg = Release|Any CPU
		{805F80DF-75C6-4C2F-8FD9-B47F6D0DF5A3}.Release|iPhone.Build.0 = Release|Any CPU
		{805F80DF-75C6-4C2F-8FD9-B47F6D0DF5A3}.Release|iPhoneSimulator.ActiveCfg = Release|Any CPU
		{805F80DF-75C6-4C2F-8FD9-B47F6D0DF5A3}.Release|iPhoneSimulator.Build.0 = Release|Any CPU
		{805F80DF-75C6-4C2F-8FD9-B47F6D0DF5A3}.Release|x64.ActiveCfg = Release|Any CPU
		{805F80DF-75C6-4C2F-8FD9-B47F6D0DF5A3}.Release|x64.Build.0 = Release|Any CPU
		{805F80DF-75C6-4C2F-8FD9-B47F6D0DF5A3}.Release|x86.ActiveCfg = Release|Any CPU
		{805F80DF-75C6-4C2F-8FD9-B47F6D0DF5A3}.Release|x86.Build.0 = Release|Any CPU
		{B159244C-199D-49B4-93F8-FAC12DE5D52A}.Ad-Hoc|Any CPU.ActiveCfg = Release|Any CPU
		{B159244C-199D-49B4-93F8-FAC12DE5D52A}.Ad-Hoc|Any CPU.Build.0 = Release|Any CPU
		{B159244C-199D-49B4-93F8-FAC12DE5D52A}.Ad-Hoc|ARM.ActiveCfg = Release|Any CPU
		{B159244C-199D-49B4-93F8-FAC12DE5D52A}.Ad-Hoc|ARM.Build.0 = Release|Any CPU
		{B159244C-199D-49B4-93F8-FAC12DE5D52A}.Ad-Hoc|iPhone.ActiveCfg = Release|Any CPU
		{B159244C-199D-49B4-93F8-FAC12DE5D52A}.Ad-Hoc|iPhone.Build.0 = Release|Any CPU
		{B159244C-199D-49B4-93F8-FAC12DE5D52A}.Ad-Hoc|iPhoneSimulator.ActiveCfg = Release|Any CPU
		{B159244C-199D-49B4-93F8-FAC12DE5D52A}.Ad-Hoc|iPhoneSimulator.Build.0 = Release|Any CPU
		{B159244C-199D-49B4-93F8-FAC12DE5D52A}.Ad-Hoc|x64.ActiveCfg = Release|Any CPU
		{B159244C-199D-49B4-93F8-FAC12DE5D52A}.Ad-Hoc|x64.Build.0 = Release|Any CPU
		{B159244C-199D-49B4-93F8-FAC12DE5D52A}.Ad-Hoc|x86.ActiveCfg = Release|Any CPU
		{B159244C-199D-49B4-93F8-FAC12DE5D52A}.Ad-Hoc|x86.Build.0 = Release|Any CPU
		{B159244C-199D-49B4-93F8-FAC12DE5D52A}.AppStore|Any CPU.ActiveCfg = Release|Any CPU
		{B159244C-199D-49B4-93F8-FAC12DE5D52A}.AppStore|Any CPU.Build.0 = Release|Any CPU
		{B159244C-199D-49B4-93F8-FAC12DE5D52A}.AppStore|ARM.ActiveCfg = Release|Any CPU
		{B159244C-199D-49B4-93F8-FAC12DE5D52A}.AppStore|ARM.Build.0 = Release|Any CPU
		{B159244C-199D-49B4-93F8-FAC12DE5D52A}.AppStore|iPhone.ActiveCfg = Release|Any CPU
		{B159244C-199D-49B4-93F8-FAC12DE5D52A}.AppStore|iPhone.Build.0 = Release|Any CPU
		{B159244C-199D-49B4-93F8-FAC12DE5D52A}.AppStore|iPhoneSimulator.ActiveCfg = Release|Any CPU
		{B159244C-199D-49B4-93F8-FAC12DE5D52A}.AppStore|iPhoneSimulator.Build.0 = Release|Any CPU
		{B159244C-199D-49B4-93F8-FAC12DE5D52A}.AppStore|x64.ActiveCfg = Release|Any CPU
		{B159244C-199D-49B4-93F8-FAC12DE5D52A}.AppStore|x64.Build.0 = Release|Any CPU
		{B159244C-199D-49B4-93F8-FAC12DE5D52A}.AppStore|x86.ActiveCfg = Release|Any CPU
		{B159244C-199D-49B4-93F8-FAC12DE5D52A}.AppStore|x86.Build.0 = Release|Any CPU
		{B159244C-199D-49B4-93F8-FAC12DE5D52A}.Debug (Anniversary Update)|Any CPU.ActiveCfg = Debug|Any CPU
		{B159244C-199D-49B4-93F8-FAC12DE5D52A}.Debug (Anniversary Update)|Any CPU.Build.0 = Debug|Any CPU
		{B159244C-199D-49B4-93F8-FAC12DE5D52A}.Debug (Anniversary Update)|ARM.ActiveCfg = Debug|Any CPU
		{B159244C-199D-49B4-93F8-FAC12DE5D52A}.Debug (Anniversary Update)|ARM.Build.0 = Debug|Any CPU
		{B159244C-199D-49B4-93F8-FAC12DE5D52A}.Debug (Anniversary Update)|iPhone.ActiveCfg = Debug|Any CPU
		{B159244C-199D-49B4-93F8-FAC12DE5D52A}.Debug (Anniversary Update)|iPhone.Build.0 = Debug|Any CPU
		{B159244C-199D-49B4-93F8-FAC12DE5D52A}.Debug (Anniversary Update)|iPhoneSimulator.ActiveCfg = Debug|Any CPU
		{B159244C-199D-49B4-93F8-FAC12DE5D52A}.Debug (Anniversary Update)|iPhoneSimulator.Build.0 = Debug|Any CPU
		{B159244C-199D-49B4-93F8-FAC12DE5D52A}.Debug (Anniversary Update)|x64.ActiveCfg = Debug|Any CPU
		{B159244C-199D-49B4-93F8-FAC12DE5D52A}.Debug (Anniversary Update)|x64.Build.0 = Debug|Any CPU
		{B159244C-199D-49B4-93F8-FAC12DE5D52A}.Debug (Anniversary Update)|x86.ActiveCfg = Debug|Any CPU
		{B159244C-199D-49B4-93F8-FAC12DE5D52A}.Debug (Anniversary Update)|x86.Build.0 = Debug|Any CPU
		{B159244C-199D-49B4-93F8-FAC12DE5D52A}.Debug (Version 1511)|Any CPU.ActiveCfg = Debug|Any CPU
		{B159244C-199D-49B4-93F8-FAC12DE5D52A}.Debug (Version 1511)|Any CPU.Build.0 = Debug|Any CPU
		{B159244C-199D-49B4-93F8-FAC12DE5D52A}.Debug (Version 1511)|ARM.ActiveCfg = Debug|Any CPU
		{B159244C-199D-49B4-93F8-FAC12DE5D52A}.Debug (Version 1511)|ARM.Build.0 = Debug|Any CPU
		{B159244C-199D-49B4-93F8-FAC12DE5D52A}.Debug (Version 1511)|iPhone.ActiveCfg = Debug|Any CPU
		{B159244C-199D-49B4-93F8-FAC12DE5D52A}.Debug (Version 1511)|iPhone.Build.0 = Debug|Any CPU
		{B159244C-199D-49B4-93F8-FAC12DE5D52A}.Debug (Version 1511)|iPhoneSimulator.ActiveCfg = Debug|Any CPU
		{B159244C-199D-49B4-93F8-FAC12DE5D52A}.Debug (Version 1511)|iPhoneSimulator.Build.0 = Debug|Any CPU
		{B159244C-199D-49B4-93F8-FAC12DE5D52A}.Debug (Version 1511)|x64.ActiveCfg = Debug|Any CPU
		{B159244C-199D-49B4-93F8-FAC12DE5D52A}.Debug (Version 1511)|x64.Build.0 = Debug|Any CPU
		{B159244C-199D-49B4-93F8-FAC12DE5D52A}.Debug (Version 1511)|x86.ActiveCfg = Debug|Any CPU
		{B159244C-199D-49B4-93F8-FAC12DE5D52A}.Debug (Version 1511)|x86.Build.0 = Debug|Any CPU
		{B159244C-199D-49B4-93F8-FAC12DE5D52A}.Debug|Any CPU.ActiveCfg = Debug|Any CPU
		{B159244C-199D-49B4-93F8-FAC12DE5D52A}.Debug|Any CPU.Build.0 = Debug|Any CPU
		{B159244C-199D-49B4-93F8-FAC12DE5D52A}.Debug|ARM.ActiveCfg = Debug|Any CPU
		{B159244C-199D-49B4-93F8-FAC12DE5D52A}.Debug|ARM.Build.0 = Debug|Any CPU
		{B159244C-199D-49B4-93F8-FAC12DE5D52A}.Debug|iPhone.ActiveCfg = Debug|Any CPU
		{B159244C-199D-49B4-93F8-FAC12DE5D52A}.Debug|iPhone.Build.0 = Debug|Any CPU
		{B159244C-199D-49B4-93F8-FAC12DE5D52A}.Debug|iPhoneSimulator.ActiveCfg = Debug|Any CPU
		{B159244C-199D-49B4-93F8-FAC12DE5D52A}.Debug|iPhoneSimulator.Build.0 = Debug|Any CPU
		{B159244C-199D-49B4-93F8-FAC12DE5D52A}.Debug|x64.ActiveCfg = Debug|Any CPU
		{B159244C-199D-49B4-93F8-FAC12DE5D52A}.Debug|x64.Build.0 = Debug|Any CPU
		{B159244C-199D-49B4-93F8-FAC12DE5D52A}.Debug|x86.ActiveCfg = Debug|Any CPU
		{B159244C-199D-49B4-93F8-FAC12DE5D52A}.Debug|x86.Build.0 = Debug|Any CPU
		{B159244C-199D-49B4-93F8-FAC12DE5D52A}.Release (Anniversary Update)|Any CPU.ActiveCfg = Release|Any CPU
		{B159244C-199D-49B4-93F8-FAC12DE5D52A}.Release (Anniversary Update)|Any CPU.Build.0 = Release|Any CPU
		{B159244C-199D-49B4-93F8-FAC12DE5D52A}.Release (Anniversary Update)|ARM.ActiveCfg = Release|Any CPU
		{B159244C-199D-49B4-93F8-FAC12DE5D52A}.Release (Anniversary Update)|ARM.Build.0 = Release|Any CPU
		{B159244C-199D-49B4-93F8-FAC12DE5D52A}.Release (Anniversary Update)|iPhone.ActiveCfg = Release|Any CPU
		{B159244C-199D-49B4-93F8-FAC12DE5D52A}.Release (Anniversary Update)|iPhone.Build.0 = Release|Any CPU
		{B159244C-199D-49B4-93F8-FAC12DE5D52A}.Release (Anniversary Update)|iPhoneSimulator.ActiveCfg = Release|Any CPU
		{B159244C-199D-49B4-93F8-FAC12DE5D52A}.Release (Anniversary Update)|iPhoneSimulator.Build.0 = Release|Any CPU
		{B159244C-199D-49B4-93F8-FAC12DE5D52A}.Release (Anniversary Update)|x64.ActiveCfg = Release|Any CPU
		{B159244C-199D-49B4-93F8-FAC12DE5D52A}.Release (Anniversary Update)|x64.Build.0 = Release|Any CPU
		{B159244C-199D-49B4-93F8-FAC12DE5D52A}.Release (Anniversary Update)|x86.ActiveCfg = Release|Any CPU
		{B159244C-199D-49B4-93F8-FAC12DE5D52A}.Release (Anniversary Update)|x86.Build.0 = Release|Any CPU
		{B159244C-199D-49B4-93F8-FAC12DE5D52A}.Release (Version 1511)|Any CPU.ActiveCfg = Release|Any CPU
		{B159244C-199D-49B4-93F8-FAC12DE5D52A}.Release (Version 1511)|Any CPU.Build.0 = Release|Any CPU
		{B159244C-199D-49B4-93F8-FAC12DE5D52A}.Release (Version 1511)|ARM.ActiveCfg = Release|Any CPU
		{B159244C-199D-49B4-93F8-FAC12DE5D52A}.Release (Version 1511)|ARM.Build.0 = Release|Any CPU
		{B159244C-199D-49B4-93F8-FAC12DE5D52A}.Release (Version 1511)|iPhone.ActiveCfg = Release|Any CPU
		{B159244C-199D-49B4-93F8-FAC12DE5D52A}.Release (Version 1511)|iPhone.Build.0 = Release|Any CPU
		{B159244C-199D-49B4-93F8-FAC12DE5D52A}.Release (Version 1511)|iPhoneSimulator.ActiveCfg = Release|Any CPU
		{B159244C-199D-49B4-93F8-FAC12DE5D52A}.Release (Version 1511)|iPhoneSimulator.Build.0 = Release|Any CPU
		{B159244C-199D-49B4-93F8-FAC12DE5D52A}.Release (Version 1511)|x64.ActiveCfg = Release|Any CPU
		{B159244C-199D-49B4-93F8-FAC12DE5D52A}.Release (Version 1511)|x64.Build.0 = Release|Any CPU
		{B159244C-199D-49B4-93F8-FAC12DE5D52A}.Release (Version 1511)|x86.ActiveCfg = Release|Any CPU
		{B159244C-199D-49B4-93F8-FAC12DE5D52A}.Release (Version 1511)|x86.Build.0 = Release|Any CPU
		{B159244C-199D-49B4-93F8-FAC12DE5D52A}.Release|Any CPU.ActiveCfg = Release|Any CPU
		{B159244C-199D-49B4-93F8-FAC12DE5D52A}.Release|Any CPU.Build.0 = Release|Any CPU
		{B159244C-199D-49B4-93F8-FAC12DE5D52A}.Release|ARM.ActiveCfg = Release|Any CPU
		{B159244C-199D-49B4-93F8-FAC12DE5D52A}.Release|ARM.Build.0 = Release|Any CPU
		{B159244C-199D-49B4-93F8-FAC12DE5D52A}.Release|iPhone.ActiveCfg = Release|Any CPU
		{B159244C-199D-49B4-93F8-FAC12DE5D52A}.Release|iPhone.Build.0 = Release|Any CPU
		{B159244C-199D-49B4-93F8-FAC12DE5D52A}.Release|iPhoneSimulator.ActiveCfg = Release|Any CPU
		{B159244C-199D-49B4-93F8-FAC12DE5D52A}.Release|iPhoneSimulator.Build.0 = Release|Any CPU
		{B159244C-199D-49B4-93F8-FAC12DE5D52A}.Release|x64.ActiveCfg = Release|Any CPU
		{B159244C-199D-49B4-93F8-FAC12DE5D52A}.Release|x64.Build.0 = Release|Any CPU
		{B159244C-199D-49B4-93F8-FAC12DE5D52A}.Release|x86.ActiveCfg = Release|Any CPU
		{B159244C-199D-49B4-93F8-FAC12DE5D52A}.Release|x86.Build.0 = Release|Any CPU
		{D151C91E-5CA6-4567-B206-B000D07B3CEF}.Ad-Hoc|Any CPU.ActiveCfg = Ad-Hoc|iPhone
		{D151C91E-5CA6-4567-B206-B000D07B3CEF}.Ad-Hoc|ARM.ActiveCfg = Ad-Hoc|iPhone
		{D151C91E-5CA6-4567-B206-B000D07B3CEF}.Ad-Hoc|iPhone.ActiveCfg = Ad-Hoc|iPhone
		{D151C91E-5CA6-4567-B206-B000D07B3CEF}.Ad-Hoc|iPhone.Build.0 = Ad-Hoc|iPhone
		{D151C91E-5CA6-4567-B206-B000D07B3CEF}.Ad-Hoc|iPhoneSimulator.ActiveCfg = Ad-Hoc|iPhoneSimulator
		{D151C91E-5CA6-4567-B206-B000D07B3CEF}.Ad-Hoc|iPhoneSimulator.Build.0 = Ad-Hoc|iPhoneSimulator
		{D151C91E-5CA6-4567-B206-B000D07B3CEF}.Ad-Hoc|x64.ActiveCfg = Ad-Hoc|iPhone
		{D151C91E-5CA6-4567-B206-B000D07B3CEF}.Ad-Hoc|x86.ActiveCfg = Ad-Hoc|iPhone
		{D151C91E-5CA6-4567-B206-B000D07B3CEF}.AppStore|Any CPU.ActiveCfg = AppStore|iPhone
		{D151C91E-5CA6-4567-B206-B000D07B3CEF}.AppStore|ARM.ActiveCfg = AppStore|iPhone
		{D151C91E-5CA6-4567-B206-B000D07B3CEF}.AppStore|iPhone.ActiveCfg = AppStore|iPhone
		{D151C91E-5CA6-4567-B206-B000D07B3CEF}.AppStore|iPhone.Build.0 = AppStore|iPhone
		{D151C91E-5CA6-4567-B206-B000D07B3CEF}.AppStore|iPhoneSimulator.ActiveCfg = AppStore|iPhoneSimulator
		{D151C91E-5CA6-4567-B206-B000D07B3CEF}.AppStore|iPhoneSimulator.Build.0 = AppStore|iPhoneSimulator
		{D151C91E-5CA6-4567-B206-B000D07B3CEF}.AppStore|x64.ActiveCfg = AppStore|iPhone
		{D151C91E-5CA6-4567-B206-B000D07B3CEF}.AppStore|x86.ActiveCfg = AppStore|iPhone
		{D151C91E-5CA6-4567-B206-B000D07B3CEF}.Debug (Anniversary Update)|Any CPU.ActiveCfg = AppStore|iPhone
		{D151C91E-5CA6-4567-B206-B000D07B3CEF}.Debug (Anniversary Update)|Any CPU.Build.0 = AppStore|iPhone
		{D151C91E-5CA6-4567-B206-B000D07B3CEF}.Debug (Anniversary Update)|ARM.ActiveCfg = AppStore|iPhone
		{D151C91E-5CA6-4567-B206-B000D07B3CEF}.Debug (Anniversary Update)|ARM.Build.0 = AppStore|iPhone
		{D151C91E-5CA6-4567-B206-B000D07B3CEF}.Debug (Anniversary Update)|iPhone.ActiveCfg = Debug|iPhone
		{D151C91E-5CA6-4567-B206-B000D07B3CEF}.Debug (Anniversary Update)|iPhone.Build.0 = Debug|iPhone
		{D151C91E-5CA6-4567-B206-B000D07B3CEF}.Debug (Anniversary Update)|iPhoneSimulator.ActiveCfg = Debug|iPhoneSimulator
		{D151C91E-5CA6-4567-B206-B000D07B3CEF}.Debug (Anniversary Update)|iPhoneSimulator.Build.0 = Debug|iPhoneSimulator
		{D151C91E-5CA6-4567-B206-B000D07B3CEF}.Debug (Anniversary Update)|x64.ActiveCfg = AppStore|iPhone
		{D151C91E-5CA6-4567-B206-B000D07B3CEF}.Debug (Anniversary Update)|x64.Build.0 = AppStore|iPhone
		{D151C91E-5CA6-4567-B206-B000D07B3CEF}.Debug (Anniversary Update)|x86.ActiveCfg = AppStore|iPhone
		{D151C91E-5CA6-4567-B206-B000D07B3CEF}.Debug (Anniversary Update)|x86.Build.0 = AppStore|iPhone
		{D151C91E-5CA6-4567-B206-B000D07B3CEF}.Debug (Version 1511)|Any CPU.ActiveCfg = AppStore|iPhone
		{D151C91E-5CA6-4567-B206-B000D07B3CEF}.Debug (Version 1511)|Any CPU.Build.0 = AppStore|iPhone
		{D151C91E-5CA6-4567-B206-B000D07B3CEF}.Debug (Version 1511)|ARM.ActiveCfg = AppStore|iPhone
		{D151C91E-5CA6-4567-B206-B000D07B3CEF}.Debug (Version 1511)|ARM.Build.0 = AppStore|iPhone
		{D151C91E-5CA6-4567-B206-B000D07B3CEF}.Debug (Version 1511)|iPhone.ActiveCfg = Debug|iPhone
		{D151C91E-5CA6-4567-B206-B000D07B3CEF}.Debug (Version 1511)|iPhone.Build.0 = Debug|iPhone
		{D151C91E-5CA6-4567-B206-B000D07B3CEF}.Debug (Version 1511)|iPhoneSimulator.ActiveCfg = Debug|iPhoneSimulator
		{D151C91E-5CA6-4567-B206-B000D07B3CEF}.Debug (Version 1511)|iPhoneSimulator.Build.0 = Debug|iPhoneSimulator
		{D151C91E-5CA6-4567-B206-B000D07B3CEF}.Debug (Version 1511)|x64.ActiveCfg = AppStore|iPhone
		{D151C91E-5CA6-4567-B206-B000D07B3CEF}.Debug (Version 1511)|x64.Build.0 = AppStore|iPhone
		{D151C91E-5CA6-4567-B206-B000D07B3CEF}.Debug (Version 1511)|x86.ActiveCfg = AppStore|iPhone
		{D151C91E-5CA6-4567-B206-B000D07B3CEF}.Debug (Version 1511)|x86.Build.0 = AppStore|iPhone
		{D151C91E-5CA6-4567-B206-B000D07B3CEF}.Debug|Any CPU.ActiveCfg = Debug|iPhone
		{D151C91E-5CA6-4567-B206-B000D07B3CEF}.Debug|ARM.ActiveCfg = Debug|iPhone
		{D151C91E-5CA6-4567-B206-B000D07B3CEF}.Debug|iPhone.ActiveCfg = Debug|iPhone
		{D151C91E-5CA6-4567-B206-B000D07B3CEF}.Debug|iPhone.Build.0 = Debug|iPhone
		{D151C91E-5CA6-4567-B206-B000D07B3CEF}.Debug|iPhoneSimulator.ActiveCfg = Debug|iPhoneSimulator
		{D151C91E-5CA6-4567-B206-B000D07B3CEF}.Debug|iPhoneSimulator.Build.0 = Debug|iPhoneSimulator
		{D151C91E-5CA6-4567-B206-B000D07B3CEF}.Debug|x64.ActiveCfg = Debug|iPhone
		{D151C91E-5CA6-4567-B206-B000D07B3CEF}.Debug|x86.ActiveCfg = Debug|iPhone
		{D151C91E-5CA6-4567-B206-B000D07B3CEF}.Release (Anniversary Update)|Any CPU.ActiveCfg = AppStore|iPhone
		{D151C91E-5CA6-4567-B206-B000D07B3CEF}.Release (Anniversary Update)|Any CPU.Build.0 = AppStore|iPhone
		{D151C91E-5CA6-4567-B206-B000D07B3CEF}.Release (Anniversary Update)|ARM.ActiveCfg = AppStore|iPhone
		{D151C91E-5CA6-4567-B206-B000D07B3CEF}.Release (Anniversary Update)|ARM.Build.0 = AppStore|iPhone
		{D151C91E-5CA6-4567-B206-B000D07B3CEF}.Release (Anniversary Update)|iPhone.ActiveCfg = Release|iPhone
		{D151C91E-5CA6-4567-B206-B000D07B3CEF}.Release (Anniversary Update)|iPhone.Build.0 = Release|iPhone
		{D151C91E-5CA6-4567-B206-B000D07B3CEF}.Release (Anniversary Update)|iPhoneSimulator.ActiveCfg = Release|iPhoneSimulator
		{D151C91E-5CA6-4567-B206-B000D07B3CEF}.Release (Anniversary Update)|iPhoneSimulator.Build.0 = Release|iPhoneSimulator
		{D151C91E-5CA6-4567-B206-B000D07B3CEF}.Release (Anniversary Update)|x64.ActiveCfg = AppStore|iPhone
		{D151C91E-5CA6-4567-B206-B000D07B3CEF}.Release (Anniversary Update)|x64.Build.0 = AppStore|iPhone
		{D151C91E-5CA6-4567-B206-B000D07B3CEF}.Release (Anniversary Update)|x86.ActiveCfg = AppStore|iPhone
		{D151C91E-5CA6-4567-B206-B000D07B3CEF}.Release (Anniversary Update)|x86.Build.0 = AppStore|iPhone
		{D151C91E-5CA6-4567-B206-B000D07B3CEF}.Release (Version 1511)|Any CPU.ActiveCfg = AppStore|iPhone
		{D151C91E-5CA6-4567-B206-B000D07B3CEF}.Release (Version 1511)|Any CPU.Build.0 = AppStore|iPhone
		{D151C91E-5CA6-4567-B206-B000D07B3CEF}.Release (Version 1511)|ARM.ActiveCfg = AppStore|iPhone
		{D151C91E-5CA6-4567-B206-B000D07B3CEF}.Release (Version 1511)|ARM.Build.0 = AppStore|iPhone
		{D151C91E-5CA6-4567-B206-B000D07B3CEF}.Release (Version 1511)|iPhone.ActiveCfg = Release|iPhone
		{D151C91E-5CA6-4567-B206-B000D07B3CEF}.Release (Version 1511)|iPhone.Build.0 = Release|iPhone
		{D151C91E-5CA6-4567-B206-B000D07B3CEF}.Release (Version 1511)|iPhoneSimulator.ActiveCfg = Release|iPhoneSimulator
		{D151C91E-5CA6-4567-B206-B000D07B3CEF}.Release (Version 1511)|iPhoneSimulator.Build.0 = Release|iPhoneSimulator
		{D151C91E-5CA6-4567-B206-B000D07B3CEF}.Release (Version 1511)|x64.ActiveCfg = AppStore|iPhone
		{D151C91E-5CA6-4567-B206-B000D07B3CEF}.Release (Version 1511)|x64.Build.0 = AppStore|iPhone
		{D151C91E-5CA6-4567-B206-B000D07B3CEF}.Release (Version 1511)|x86.ActiveCfg = AppStore|iPhone
		{D151C91E-5CA6-4567-B206-B000D07B3CEF}.Release (Version 1511)|x86.Build.0 = AppStore|iPhone
		{D151C91E-5CA6-4567-B206-B000D07B3CEF}.Release|Any CPU.ActiveCfg = Release|iPhone
		{D151C91E-5CA6-4567-B206-B000D07B3CEF}.Release|ARM.ActiveCfg = Release|iPhone
		{D151C91E-5CA6-4567-B206-B000D07B3CEF}.Release|iPhone.ActiveCfg = Release|iPhone
		{D151C91E-5CA6-4567-B206-B000D07B3CEF}.Release|iPhone.Build.0 = Release|iPhone
		{D151C91E-5CA6-4567-B206-B000D07B3CEF}.Release|iPhoneSimulator.ActiveCfg = Release|iPhoneSimulator
		{D151C91E-5CA6-4567-B206-B000D07B3CEF}.Release|iPhoneSimulator.Build.0 = Release|iPhoneSimulator
		{D151C91E-5CA6-4567-B206-B000D07B3CEF}.Release|x64.ActiveCfg = Release|iPhone
		{D151C91E-5CA6-4567-B206-B000D07B3CEF}.Release|x86.ActiveCfg = Release|iPhone
	EndGlobalSection
	GlobalSection(SolutionProperties) = preSolution
		HideSolutionNode = FALSE
	EndGlobalSection
	GlobalSection(NestedProjects) = preSolution
		{4DF46E3A-9E50-4681-BB92-804354D80CAD} = {96D4E5CB-2F7A-4B03-B459-8B5FAEF4757E}
		{A31017FD-D0C5-4383-B7DE-4BE4FDC233E1} = {900E3050-1D2B-4F23-9D65-AD6707ECA00C}
		{E9FAABFB-D726-42C1-83C1-CB46A29FEA81} = {DD0171C5-EDA8-4B23-8D3A-2A865B28D05A}
		{DD0171C5-EDA8-4B23-8D3A-2A865B28D05A} = {96D4E5CB-2F7A-4B03-B459-8B5FAEF4757E}
		{3DD8AA7C-3569-4E51-992F-0C2257E8878E} = {DD0171C5-EDA8-4B23-8D3A-2A865B28D05A}
		{B24A296C-B3EB-4E06-A64E-74AC2D1ACC91} = {DD0171C5-EDA8-4B23-8D3A-2A865B28D05A}
		{805F80DF-75C6-4C2F-8FD9-B47F6D0DF5A3} = {DD0171C5-EDA8-4B23-8D3A-2A865B28D05A}
		{B159244C-199D-49B4-93F8-FAC12DE5D52A} = {900E3050-1D2B-4F23-9D65-AD6707ECA00C}
		{D151C91E-5CA6-4567-B206-B000D07B3CEF} = {280307A4-F558-4C5E-AFBE-F1D0CCDD8390}
	EndGlobalSection
EndGlobal
